// !$*UTF8*$!
{
	archiveVersion = 1;
	classes = {
	};
	objectVersion = 46;
	objects = {

/* Begin PBXBuildFile section */
		849060ED1BCCE3F8008B2125 /* AppDelegate.m in Sources */ = {isa = PBXBuildFile; fileRef = 849060EC1BCCE3F8008B2125 /* AppDelegate.m */; };
		849060F01BCCE3F8008B2125 /* main.m in Sources */ = {isa = PBXBuildFile; fileRef = 849060EF1BCCE3F8008B2125 /* main.m */; };
		849060F21BCCE3F8008B2125 /* Assets.xcassets in Resources */ = {isa = PBXBuildFile; fileRef = 849060F11BCCE3F8008B2125 /* Assets.xcassets */; };
		849060F51BCCE3F8008B2125 /* MainMenu.xib in Resources */ = {isa = PBXBuildFile; fileRef = 849060F31BCCE3F8008B2125 /* MainMenu.xib */; };
		849060FF1BCCE425008B2125 /* PlaylistViewController.m in Sources */ = {isa = PBXBuildFile; fileRef = 849060FD1BCCE425008B2125 /* PlaylistViewController.m */; };
		849061001BCCE425008B2125 /* PlaylistViewController.xib in Resources */ = {isa = PBXBuildFile; fileRef = 849060FE1BCCE425008B2125 /* PlaylistViewController.xib */; };
		849061071BCCEA85008B2125 /* PlayerViewController.m in Sources */ = {isa = PBXBuildFile; fileRef = 849061051BCCEA85008B2125 /* PlayerViewController.m */; };
		849061081BCCEA85008B2125 /* PlayerViewController.xib in Resources */ = {isa = PBXBuildFile; fileRef = 849061061BCCEA85008B2125 /* PlayerViewController.xib */; };
		849061151BCE099B008B2125 /* MusicProgressView.m in Sources */ = {isa = PBXBuildFile; fileRef = 849061141BCE099B008B2125 /* MusicProgressView.m */; };
		8499435F1BCE4BA200823A6B /* MusicInfoViewController.m in Sources */ = {isa = PBXBuildFile; fileRef = 8499435D1BCE4BA200823A6B /* MusicInfoViewController.m */; };
		849943601BCE4BA200823A6B /* MusicInfoViewController.xib in Resources */ = {isa = PBXBuildFile; fileRef = 8499435E1BCE4BA200823A6B /* MusicInfoViewController.xib */; };
		84AD816E1C34D50C0037E162 /* libFLAC.framework in Frameworks */ = {isa = PBXBuildFile; fileRef = 84AD816D1C34D50C0037E162 /* libFLAC.framework */; };
		84AD817E1C34D5310037E162 /* JWMAudioUnit.m in Sources */ = {isa = PBXBuildFile; fileRef = 84AD81701C34D5310037E162 /* JWMAudioUnit.m */; };
		84AD817F1C34D5310037E162 /* JWMConverter.m in Sources */ = {isa = PBXBuildFile; fileRef = 84AD81731C34D5310037E162 /* JWMConverter.m */; };
		84AD81801C34D5310037E162 /* JWMEngine.m in Sources */ = {isa = PBXBuildFile; fileRef = 84AD81751C34D5310037E162 /* JWMEngine.m */; };
		84AD81811C34D5310037E162 /* JWMInputUnit.m in Sources */ = {isa = PBXBuildFile; fileRef = 84AD81771C34D5310037E162 /* JWMInputUnit.m */; };
		84AD81821C34D5310037E162 /* JWMOutputUnit.m in Sources */ = {isa = PBXBuildFile; fileRef = 84AD81791C34D5310037E162 /* JWMOutputUnit.m */; };
		84AD81831C34D5310037E162 /* JWMPluginManager.m in Sources */ = {isa = PBXBuildFile; fileRef = 84AD817B1C34D5310037E162 /* JWMPluginManager.m */; };
		84AD81841C34D5310037E162 /* JWMQueues.m in Sources */ = {isa = PBXBuildFile; fileRef = 84AD817D1C34D5310037E162 /* JWMQueues.m */; };
		84AD81981C34D53B0037E162 /* CoreAudioDecoder.m in Sources */ = {isa = PBXBuildFile; fileRef = 84AD81871C34D53B0037E162 /* CoreAudioDecoder.m */; };
		84AD81991C34D53B0037E162 /* CueSheet.m in Sources */ = {isa = PBXBuildFile; fileRef = 84AD81891C34D53B0037E162 /* CueSheet.m */; };
		84AD819A1C34D53B0037E162 /* CueSheetContainer.m in Sources */ = {isa = PBXBuildFile; fileRef = 84AD818B1C34D53B0037E162 /* CueSheetContainer.m */; };
		84AD819B1C34D53B0037E162 /* CueSheetDecoder.m in Sources */ = {isa = PBXBuildFile; fileRef = 84AD818D1C34D53B0037E162 /* CueSheetDecoder.m */; };
		84AD819C1C34D53B0037E162 /* CueSheetTrack.m in Sources */ = {isa = PBXBuildFile; fileRef = 84AD818F1C34D53B0037E162 /* CueSheetTrack.m */; };
		84AD819D1C34D53B0037E162 /* FileSource.m in Sources */ = {isa = PBXBuildFile; fileRef = 84AD81911C34D53B0037E162 /* FileSource.m */; };
		84AD819E1C34D53B0037E162 /* FlacDecoder.m in Sources */ = {isa = PBXBuildFile; fileRef = 84AD81931C34D53B0037E162 /* FlacDecoder.m */; };
		84AD819F1C34D53B0037E162 /* HTTPSource.m in Sources */ = {isa = PBXBuildFile; fileRef = 84AD81951C34D53B0037E162 /* HTTPSource.m */; };
		84AD81A01C34D53B0037E162 /* M3uContainer.m in Sources */ = {isa = PBXBuildFile; fileRef = 84AD81971C34D53B0037E162 /* M3uContainer.m */; };
		84C36BA91BD5FB0F00654090 /* libiconv.tbd in Frameworks */ = {isa = PBXBuildFile; fileRef = 84C36BA81BD5FB0F00654090 /* libiconv.tbd */; };
		84C36BB91BD64D0600654090 /* NSColor+Components.m in Sources */ = {isa = PBXBuildFile; fileRef = 84C36BB41BD64D0600654090 /* NSColor+Components.m */; };
		84C36BBA1BD64D0600654090 /* NSImage+Utils.m in Sources */ = {isa = PBXBuildFile; fileRef = 84C36BB61BD64D0600654090 /* NSImage+Utils.m */; };
		84C36BBB1BD64D0600654090 /* NSString+Comparator.m in Sources */ = {isa = PBXBuildFile; fileRef = 84C36BB81BD64D0600654090 /* NSString+Comparator.m */; };
		84C36BC21BD64D5200654090 /* JWFileManager.m in Sources */ = {isa = PBXBuildFile; fileRef = 84C36BBD1BD64D5200654090 /* JWFileManager.m */; };
		84C36BC31BD64D5200654090 /* JWLrcParser.m in Sources */ = {isa = PBXBuildFile; fileRef = 84C36BBF1BD64D5200654090 /* JWLrcParser.m */; };
		84C36BC41BD64D5200654090 /* JWMediaHelper.m in Sources */ = {isa = PBXBuildFile; fileRef = 84C36BC11BD64D5200654090 /* JWMediaHelper.m */; };
		84C36BFE1BD728BC00654090 /* JWNetworkHelper.m in Sources */ = {isa = PBXBuildFile; fileRef = 84C36BFD1BD728BC00654090 /* JWNetworkHelper.m */; };
		84FF4E581BE06B84007B9D56 /* JWModel.m in Sources */ = {isa = PBXBuildFile; fileRef = 84FF4E531BE06B84007B9D56 /* JWModel.m */; };
		84FF4E591BE06B84007B9D56 /* JWTagInfo.m in Sources */ = {isa = PBXBuildFile; fileRef = 84FF4E551BE06B84007B9D56 /* JWTagInfo.m */; };
		84FF4E5A1BE06B84007B9D56 /* JWTrack.m in Sources */ = {isa = PBXBuildFile; fileRef = 84FF4E571BE06B84007B9D56 /* JWTrack.m */; };
		C43279C21BD11636005C6BBC /* AudioToolbox.framework in Frameworks */ = {isa = PBXBuildFile; fileRef = C43279C11BD11636005C6BBC /* AudioToolbox.framework */; };
		C43279C41BD116A0005C6BBC /* AVFoundation.framework in Frameworks */ = {isa = PBXBuildFile; fileRef = C43279C31BD116A0005C6BBC /* AVFoundation.framework */; };
		C43279C61BD116A8005C6BBC /* Cocoa.framework in Frameworks */ = {isa = PBXBuildFile; fileRef = C43279C51BD116A8005C6BBC /* Cocoa.framework */; };
		C43279C81BD116AE005C6BBC /* QuartzCore.framework in Frameworks */ = {isa = PBXBuildFile; fileRef = C43279C71BD116AE005C6BBC /* QuartzCore.framework */; };
/* End PBXBuildFile section */

/* Begin PBXFileReference section */
		849060E81BCCE3F8008B2125 /* EasyPlayer.app */ = {isa = PBXFileReference; explicitFileType = wrapper.application; includeInIndex = 0; path = EasyPlayer.app; sourceTree = BUILT_PRODUCTS_DIR; };
		849060EB1BCCE3F8008B2125 /* AppDelegate.h */ = {isa = PBXFileReference; lastKnownFileType = sourcecode.c.h; path = AppDelegate.h; sourceTree = "<group>"; };
		849060EC1BCCE3F8008B2125 /* AppDelegate.m */ = {isa = PBXFileReference; lastKnownFileType = sourcecode.c.objc; path = AppDelegate.m; sourceTree = "<group>"; };
		849060EF1BCCE3F8008B2125 /* main.m */ = {isa = PBXFileReference; lastKnownFileType = sourcecode.c.objc; path = main.m; sourceTree = "<group>"; };
		849060F11BCCE3F8008B2125 /* Assets.xcassets */ = {isa = PBXFileReference; lastKnownFileType = folder.assetcatalog; path = Assets.xcassets; sourceTree = "<group>"; };
		849060F41BCCE3F8008B2125 /* Base */ = {isa = PBXFileReference; lastKnownFileType = file.xib; name = Base; path = Base.lproj/MainMenu.xib; sourceTree = "<group>"; };
		849060F61BCCE3F8008B2125 /* Info.plist */ = {isa = PBXFileReference; lastKnownFileType = text.plist.xml; path = Info.plist; sourceTree = "<group>"; };
		849060FC1BCCE425008B2125 /* PlaylistViewController.h */ = {isa = PBXFileReference; fileEncoding = 4; lastKnownFileType = sourcecode.c.h; path = PlaylistViewController.h; sourceTree = "<group>"; };
		849060FD1BCCE425008B2125 /* PlaylistViewController.m */ = {isa = PBXFileReference; fileEncoding = 4; lastKnownFileType = sourcecode.c.objc; path = PlaylistViewController.m; sourceTree = "<group>"; };
		849060FE1BCCE425008B2125 /* PlaylistViewController.xib */ = {isa = PBXFileReference; fileEncoding = 4; lastKnownFileType = file.xib; path = PlaylistViewController.xib; sourceTree = "<group>"; };
		849061041BCCEA85008B2125 /* PlayerViewController.h */ = {isa = PBXFileReference; fileEncoding = 4; lastKnownFileType = sourcecode.c.h; path = PlayerViewController.h; sourceTree = "<group>"; };
		849061051BCCEA85008B2125 /* PlayerViewController.m */ = {isa = PBXFileReference; fileEncoding = 4; lastKnownFileType = sourcecode.c.objc; path = PlayerViewController.m; sourceTree = "<group>"; };
		849061061BCCEA85008B2125 /* PlayerViewController.xib */ = {isa = PBXFileReference; fileEncoding = 4; lastKnownFileType = file.xib; path = PlayerViewController.xib; sourceTree = "<group>"; };
		849061131BCE099B008B2125 /* MusicProgressView.h */ = {isa = PBXFileReference; fileEncoding = 4; lastKnownFileType = sourcecode.c.h; path = MusicProgressView.h; sourceTree = "<group>"; };
		849061141BCE099B008B2125 /* MusicProgressView.m */ = {isa = PBXFileReference; fileEncoding = 4; lastKnownFileType = sourcecode.c.objc; path = MusicProgressView.m; sourceTree = "<group>"; };
		8499435C1BCE4BA200823A6B /* MusicInfoViewController.h */ = {isa = PBXFileReference; fileEncoding = 4; lastKnownFileType = sourcecode.c.h; path = MusicInfoViewController.h; sourceTree = "<group>"; };
		8499435D1BCE4BA200823A6B /* MusicInfoViewController.m */ = {isa = PBXFileReference; fileEncoding = 4; lastKnownFileType = sourcecode.c.objc; path = MusicInfoViewController.m; sourceTree = "<group>"; };
		8499435E1BCE4BA200823A6B /* MusicInfoViewController.xib */ = {isa = PBXFileReference; fileEncoding = 4; lastKnownFileType = file.xib; path = MusicInfoViewController.xib; sourceTree = "<group>"; };
		84AD816D1C34D50C0037E162 /* libFLAC.framework */ = {isa = PBXFileReference; lastKnownFileType = wrapper.framework; name = libFLAC.framework; path = Extentions/libFLAC.framework; sourceTree = "<group>"; };
		84AD816F1C34D5310037E162 /* JWMAudioUnit.h */ = {isa = PBXFileReference; fileEncoding = 4; lastKnownFileType = sourcecode.c.h; name = JWMAudioUnit.h; path = EasyPlayer/Extentions/JWMAudioUnit.h; sourceTree = "<group>"; };
		84AD81701C34D5310037E162 /* JWMAudioUnit.m */ = {isa = PBXFileReference; fileEncoding = 4; lastKnownFileType = sourcecode.c.objc; name = JWMAudioUnit.m; path = EasyPlayer/Extentions/JWMAudioUnit.m; sourceTree = "<group>"; };
		84AD81711C34D5310037E162 /* JWMCommonProtocols.h */ = {isa = PBXFileReference; fileEncoding = 4; lastKnownFileType = sourcecode.c.h; name = JWMCommonProtocols.h; path = EasyPlayer/Extentions/JWMCommonProtocols.h; sourceTree = "<group>"; };
		84AD81721C34D5310037E162 /* JWMConverter.h */ = {isa = PBXFileReference; fileEncoding = 4; lastKnownFileType = sourcecode.c.h; name = JWMConverter.h; path = EasyPlayer/Extentions/JWMConverter.h; sourceTree = "<group>"; };
		84AD81731C34D5310037E162 /* JWMConverter.m */ = {isa = PBXFileReference; fileEncoding = 4; lastKnownFileType = sourcecode.c.objc; name = JWMConverter.m; path = EasyPlayer/Extentions/JWMConverter.m; sourceTree = "<group>"; };
		84AD81741C34D5310037E162 /* JWMEngine.h */ = {isa = PBXFileReference; fileEncoding = 4; lastKnownFileType = sourcecode.c.h; name = JWMEngine.h; path = EasyPlayer/Extentions/JWMEngine.h; sourceTree = "<group>"; };
		84AD81751C34D5310037E162 /* JWMEngine.m */ = {isa = PBXFileReference; fileEncoding = 4; lastKnownFileType = sourcecode.c.objc; name = JWMEngine.m; path = EasyPlayer/Extentions/JWMEngine.m; sourceTree = "<group>"; };
		84AD81761C34D5310037E162 /* JWMInputUnit.h */ = {isa = PBXFileReference; fileEncoding = 4; lastKnownFileType = sourcecode.c.h; name = JWMInputUnit.h; path = EasyPlayer/Extentions/JWMInputUnit.h; sourceTree = "<group>"; };
		84AD81771C34D5310037E162 /* JWMInputUnit.m */ = {isa = PBXFileReference; fileEncoding = 4; lastKnownFileType = sourcecode.c.objc; name = JWMInputUnit.m; path = EasyPlayer/Extentions/JWMInputUnit.m; sourceTree = "<group>"; };
		84AD81781C34D5310037E162 /* JWMOutputUnit.h */ = {isa = PBXFileReference; fileEncoding = 4; lastKnownFileType = sourcecode.c.h; name = JWMOutputUnit.h; path = EasyPlayer/Extentions/JWMOutputUnit.h; sourceTree = "<group>"; };
		84AD81791C34D5310037E162 /* JWMOutputUnit.m */ = {isa = PBXFileReference; fileEncoding = 4; lastKnownFileType = sourcecode.c.objc; name = JWMOutputUnit.m; path = EasyPlayer/Extentions/JWMOutputUnit.m; sourceTree = "<group>"; };
		84AD817A1C34D5310037E162 /* JWMPluginManager.h */ = {isa = PBXFileReference; fileEncoding = 4; lastKnownFileType = sourcecode.c.h; name = JWMPluginManager.h; path = EasyPlayer/Extentions/JWMPluginManager.h; sourceTree = "<group>"; };
		84AD817B1C34D5310037E162 /* JWMPluginManager.m */ = {isa = PBXFileReference; fileEncoding = 4; lastKnownFileType = sourcecode.c.objc; name = JWMPluginManager.m; path = EasyPlayer/Extentions/JWMPluginManager.m; sourceTree = "<group>"; };
		84AD817C1C34D5310037E162 /* JWMQueues.h */ = {isa = PBXFileReference; fileEncoding = 4; lastKnownFileType = sourcecode.c.h; name = JWMQueues.h; path = EasyPlayer/Extentions/JWMQueues.h; sourceTree = "<group>"; };
		84AD817D1C34D5310037E162 /* JWMQueues.m */ = {isa = PBXFileReference; fileEncoding = 4; lastKnownFileType = sourcecode.c.objc; name = JWMQueues.m; path = EasyPlayer/Extentions/JWMQueues.m; sourceTree = "<group>"; };
		84AD81861C34D53B0037E162 /* CoreAudioDecoder.h */ = {isa = PBXFileReference; fileEncoding = 4; lastKnownFileType = sourcecode.c.h; path = CoreAudioDecoder.h; sourceTree = "<group>"; };
		84AD81871C34D53B0037E162 /* CoreAudioDecoder.m */ = {isa = PBXFileReference; fileEncoding = 4; lastKnownFileType = sourcecode.c.objc; path = CoreAudioDecoder.m; sourceTree = "<group>"; };
		84AD81881C34D53B0037E162 /* CueSheet.h */ = {isa = PBXFileReference; fileEncoding = 4; lastKnownFileType = sourcecode.c.h; path = CueSheet.h; sourceTree = "<group>"; };
		84AD81891C34D53B0037E162 /* CueSheet.m */ = {isa = PBXFileReference; fileEncoding = 4; lastKnownFileType = sourcecode.c.objc; path = CueSheet.m; sourceTree = "<group>"; };
		84AD818A1C34D53B0037E162 /* CueSheetContainer.h */ = {isa = PBXFileReference; fileEncoding = 4; lastKnownFileType = sourcecode.c.h; path = CueSheetContainer.h; sourceTree = "<group>"; };
		84AD818B1C34D53B0037E162 /* CueSheetContainer.m */ = {isa = PBXFileReference; fileEncoding = 4; lastKnownFileType = sourcecode.c.objc; path = CueSheetContainer.m; sourceTree = "<group>"; };
		84AD818C1C34D53B0037E162 /* CueSheetDecoder.h */ = {isa = PBXFileReference; fileEncoding = 4; lastKnownFileType = sourcecode.c.h; path = CueSheetDecoder.h; sourceTree = "<group>"; };
		84AD818D1C34D53B0037E162 /* CueSheetDecoder.m */ = {isa = PBXFileReference; fileEncoding = 4; lastKnownFileType = sourcecode.c.objc; path = CueSheetDecoder.m; sourceTree = "<group>"; };
		84AD818E1C34D53B0037E162 /* CueSheetTrack.h */ = {isa = PBXFileReference; fileEncoding = 4; lastKnownFileType = sourcecode.c.h; path = CueSheetTrack.h; sourceTree = "<group>"; };
		84AD818F1C34D53B0037E162 /* CueSheetTrack.m */ = {isa = PBXFileReference; fileEncoding = 4; lastKnownFileType = sourcecode.c.objc; path = CueSheetTrack.m; sourceTree = "<group>"; };
		84AD81901C34D53B0037E162 /* FileSource.h */ = {isa = PBXFileReference; fileEncoding = 4; lastKnownFileType = sourcecode.c.h; path = FileSource.h; sourceTree = "<group>"; };
		84AD81911C34D53B0037E162 /* FileSource.m */ = {isa = PBXFileReference; fileEncoding = 4; lastKnownFileType = sourcecode.c.objc; path = FileSource.m; sourceTree = "<group>"; };
		84AD81921C34D53B0037E162 /* FlacDecoder.h */ = {isa = PBXFileReference; fileEncoding = 4; lastKnownFileType = sourcecode.c.h; path = FlacDecoder.h; sourceTree = "<group>"; };
		84AD81931C34D53B0037E162 /* FlacDecoder.m */ = {isa = PBXFileReference; fileEncoding = 4; lastKnownFileType = sourcecode.c.objc; path = FlacDecoder.m; sourceTree = "<group>"; };
		84AD81941C34D53B0037E162 /* HTTPSource.h */ = {isa = PBXFileReference; fileEncoding = 4; lastKnownFileType = sourcecode.c.h; path = HTTPSource.h; sourceTree = "<group>"; };
		84AD81951C34D53B0037E162 /* HTTPSource.m */ = {isa = PBXFileReference; fileEncoding = 4; lastKnownFileType = sourcecode.c.objc; path = HTTPSource.m; sourceTree = "<group>"; };
		84AD81961C34D53B0037E162 /* M3uContainer.h */ = {isa = PBXFileReference; fileEncoding = 4; lastKnownFileType = sourcecode.c.h; path = M3uContainer.h; sourceTree = "<group>"; };
		84AD81971C34D53B0037E162 /* M3uContainer.m */ = {isa = PBXFileReference; fileEncoding = 4; lastKnownFileType = sourcecode.c.objc; path = M3uContainer.m; sourceTree = "<group>"; };
		84C36BA81BD5FB0F00654090 /* libiconv.tbd */ = {isa = PBXFileReference; lastKnownFileType = "sourcecode.text-based-dylib-definition"; name = libiconv.tbd; path = usr/lib/libiconv.tbd; sourceTree = SDKROOT; };
		84C36BB31BD64D0600654090 /* NSColor+Components.h */ = {isa = PBXFileReference; fileEncoding = 4; lastKnownFileType = sourcecode.c.h; name = "NSColor+Components.h"; path = "EasyPlayer/Extentions/NSColor+Components.h"; sourceTree = "<group>"; };
		84C36BB41BD64D0600654090 /* NSColor+Components.m */ = {isa = PBXFileReference; fileEncoding = 4; lastKnownFileType = sourcecode.c.objc; name = "NSColor+Components.m"; path = "EasyPlayer/Extentions/NSColor+Components.m"; sourceTree = "<group>"; };
		84C36BB51BD64D0600654090 /* NSImage+Utils.h */ = {isa = PBXFileReference; fileEncoding = 4; lastKnownFileType = sourcecode.c.h; name = "NSImage+Utils.h"; path = "EasyPlayer/Extentions/NSImage+Utils.h"; sourceTree = "<group>"; };
		84C36BB61BD64D0600654090 /* NSImage+Utils.m */ = {isa = PBXFileReference; fileEncoding = 4; lastKnownFileType = sourcecode.c.objc; name = "NSImage+Utils.m"; path = "EasyPlayer/Extentions/NSImage+Utils.m"; sourceTree = "<group>"; };
		84C36BB71BD64D0600654090 /* NSString+Comparator.h */ = {isa = PBXFileReference; fileEncoding = 4; lastKnownFileType = sourcecode.c.h; name = "NSString+Comparator.h"; path = "EasyPlayer/Extentions/NSString+Comparator.h"; sourceTree = "<group>"; };
		84C36BB81BD64D0600654090 /* NSString+Comparator.m */ = {isa = PBXFileReference; fileEncoding = 4; lastKnownFileType = sourcecode.c.objc; name = "NSString+Comparator.m"; path = "EasyPlayer/Extentions/NSString+Comparator.m"; sourceTree = "<group>"; };
		84C36BBC1BD64D5200654090 /* JWFileManager.h */ = {isa = PBXFileReference; fileEncoding = 4; lastKnownFileType = sourcecode.c.h; name = JWFileManager.h; path = EasyPlayer/Extentions/MusicTools/JWFileManager.h; sourceTree = "<group>"; };
		84C36BBD1BD64D5200654090 /* JWFileManager.m */ = {isa = PBXFileReference; fileEncoding = 4; lastKnownFileType = sourcecode.c.objc; name = JWFileManager.m; path = EasyPlayer/Extentions/MusicTools/JWFileManager.m; sourceTree = "<group>"; };
		84C36BBE1BD64D5200654090 /* JWLrcParser.h */ = {isa = PBXFileReference; fileEncoding = 4; lastKnownFileType = sourcecode.c.h; name = JWLrcParser.h; path = EasyPlayer/Extentions/MusicTools/JWLrcParser.h; sourceTree = "<group>"; };
		84C36BBF1BD64D5200654090 /* JWLrcParser.m */ = {isa = PBXFileReference; fileEncoding = 4; lastKnownFileType = sourcecode.c.objc; name = JWLrcParser.m; path = EasyPlayer/Extentions/MusicTools/JWLrcParser.m; sourceTree = "<group>"; };
		84C36BC01BD64D5200654090 /* JWMediaHelper.h */ = {isa = PBXFileReference; fileEncoding = 4; lastKnownFileType = sourcecode.c.h; name = JWMediaHelper.h; path = EasyPlayer/Extentions/MusicTools/JWMediaHelper.h; sourceTree = "<group>"; };
		84C36BC11BD64D5200654090 /* JWMediaHelper.m */ = {isa = PBXFileReference; fileEncoding = 4; lastKnownFileType = sourcecode.c.objc; name = JWMediaHelper.m; path = EasyPlayer/Extentions/MusicTools/JWMediaHelper.m; sourceTree = "<group>"; };
		84C36BFC1BD728BC00654090 /* JWNetworkHelper.h */ = {isa = PBXFileReference; fileEncoding = 4; lastKnownFileType = sourcecode.c.h; name = JWNetworkHelper.h; path = EasyPlayer/Extentions/MusicTools/JWNetworkHelper.h; sourceTree = "<group>"; };
		84C36BFD1BD728BC00654090 /* JWNetworkHelper.m */ = {isa = PBXFileReference; fileEncoding = 4; lastKnownFileType = sourcecode.c.objc; name = JWNetworkHelper.m; path = EasyPlayer/Extentions/MusicTools/JWNetworkHelper.m; sourceTree = "<group>"; };
		84FF4E521BE06B84007B9D56 /* JWModel.h */ = {isa = PBXFileReference; fileEncoding = 4; lastKnownFileType = sourcecode.c.h; name = JWModel.h; path = EasyPlayer/Models/JWModel.h; sourceTree = "<group>"; };
		84FF4E531BE06B84007B9D56 /* JWModel.m */ = {isa = PBXFileReference; fileEncoding = 4; lastKnownFileType = sourcecode.c.objc; name = JWModel.m; path = EasyPlayer/Models/JWModel.m; sourceTree = "<group>"; };
		84FF4E541BE06B84007B9D56 /* JWTagInfo.h */ = {isa = PBXFileReference; fileEncoding = 4; lastKnownFileType = sourcecode.c.h; name = JWTagInfo.h; path = EasyPlayer/Models/JWTagInfo.h; sourceTree = "<group>"; };
		84FF4E551BE06B84007B9D56 /* JWTagInfo.m */ = {isa = PBXFileReference; fileEncoding = 4; lastKnownFileType = sourcecode.c.objc; name = JWTagInfo.m; path = EasyPlayer/Models/JWTagInfo.m; sourceTree = "<group>"; };
		84FF4E561BE06B84007B9D56 /* JWTrack.h */ = {isa = PBXFileReference; fileEncoding = 4; lastKnownFileType = sourcecode.c.h; name = JWTrack.h; path = EasyPlayer/Models/JWTrack.h; sourceTree = "<group>"; };
		84FF4E571BE06B84007B9D56 /* JWTrack.m */ = {isa = PBXFileReference; fileEncoding = 4; lastKnownFileType = sourcecode.c.objc; name = JWTrack.m; path = EasyPlayer/Models/JWTrack.m; sourceTree = "<group>"; };
		C43279C11BD11636005C6BBC /* AudioToolbox.framework */ = {isa = PBXFileReference; lastKnownFileType = wrapper.framework; name = AudioToolbox.framework; path = System/Library/Frameworks/AudioToolbox.framework; sourceTree = SDKROOT; };
		C43279C31BD116A0005C6BBC /* AVFoundation.framework */ = {isa = PBXFileReference; lastKnownFileType = wrapper.framework; name = AVFoundation.framework; path = System/Library/Frameworks/AVFoundation.framework; sourceTree = SDKROOT; };
		C43279C51BD116A8005C6BBC /* Cocoa.framework */ = {isa = PBXFileReference; lastKnownFileType = wrapper.framework; name = Cocoa.framework; path = System/Library/Frameworks/Cocoa.framework; sourceTree = SDKROOT; };
		C43279C71BD116AE005C6BBC /* QuartzCore.framework */ = {isa = PBXFileReference; lastKnownFileType = wrapper.framework; name = QuartzCore.framework; path = System/Library/Frameworks/QuartzCore.framework; sourceTree = SDKROOT; };
/* End PBXFileReference section */

/* Begin PBXFrameworksBuildPhase section */
		849060E51BCCE3F8008B2125 /* Frameworks */ = {
			isa = PBXFrameworksBuildPhase;
			buildActionMask = 2147483647;
			files = (
				84AD816E1C34D50C0037E162 /* libFLAC.framework in Frameworks */,
				84C36BA91BD5FB0F00654090 /* libiconv.tbd in Frameworks */,
				C43279C81BD116AE005C6BBC /* QuartzCore.framework in Frameworks */,
				C43279C61BD116A8005C6BBC /* Cocoa.framework in Frameworks */,
				C43279C41BD116A0005C6BBC /* AVFoundation.framework in Frameworks */,
				C43279C21BD11636005C6BBC /* AudioToolbox.framework in Frameworks */,
			);
			runOnlyForDeploymentPostprocessing = 0;
		};
/* End PBXFrameworksBuildPhase section */

/* Begin PBXGroup section */
		843CC22C1BD4E07400B4CCB8 /* Modals */ = {
			isa = PBXGroup;
			children = (
				84FF4E521BE06B84007B9D56 /* JWModel.h */,
				84FF4E531BE06B84007B9D56 /* JWModel.m */,
				84FF4E541BE06B84007B9D56 /* JWTagInfo.h */,
				84FF4E551BE06B84007B9D56 /* JWTagInfo.m */,
				84FF4E561BE06B84007B9D56 /* JWTrack.h */,
				84FF4E571BE06B84007B9D56 /* JWTrack.m */,
			);
			name = Modals;
			sourceTree = "<group>";
		};
		849060DF1BCCE3F8008B2125 = {
			isa = PBXGroup;
			children = (
				849060EA1BCCE3F8008B2125 /* EasyPlayer */,
				843CC22C1BD4E07400B4CCB8 /* Modals */,
				849943611BCF6B5800823A6B /* Extentions */,
				849061011BCCE435008B2125 /* Frameworks */,
				849060E91BCCE3F8008B2125 /* Products */,
			);
			sourceTree = "<group>";
		};
		849060E91BCCE3F8008B2125 /* Products */ = {
			isa = PBXGroup;
			children = (
				849060E81BCCE3F8008B2125 /* EasyPlayer.app */,
			);
			name = Products;
			sourceTree = "<group>";
		};
		849060EA1BCCE3F8008B2125 /* EasyPlayer */ = {
			isa = PBXGroup;
			children = (
				849060EB1BCCE3F8008B2125 /* AppDelegate.h */,
				849060EC1BCCE3F8008B2125 /* AppDelegate.m */,
				849060F31BCCE3F8008B2125 /* MainMenu.xib */,
				849061041BCCEA85008B2125 /* PlayerViewController.h */,
				849061051BCCEA85008B2125 /* PlayerViewController.m */,
				849061061BCCEA85008B2125 /* PlayerViewController.xib */,
				849060FC1BCCE425008B2125 /* PlaylistViewController.h */,
				849060FD1BCCE425008B2125 /* PlaylistViewController.m */,
				849060FE1BCCE425008B2125 /* PlaylistViewController.xib */,
				8499435C1BCE4BA200823A6B /* MusicInfoViewController.h */,
				8499435D1BCE4BA200823A6B /* MusicInfoViewController.m */,
				8499435E1BCE4BA200823A6B /* MusicInfoViewController.xib */,
				849061131BCE099B008B2125 /* MusicProgressView.h */,
				849061141BCE099B008B2125 /* MusicProgressView.m */,
				849060EE1BCCE3F8008B2125 /* Supporting Files */,
			);
			path = EasyPlayer;
			sourceTree = "<group>";
		};
		849060EE1BCCE3F8008B2125 /* Supporting Files */ = {
			isa = PBXGroup;
			children = (
				849060F11BCCE3F8008B2125 /* Assets.xcassets */,
				849060F61BCCE3F8008B2125 /* Info.plist */,
				849060EF1BCCE3F8008B2125 /* main.m */,
			);
			name = "Supporting Files";
			sourceTree = "<group>";
		};
		849061011BCCE435008B2125 /* Frameworks */ = {
			isa = PBXGroup;
			children = (
				84C36BA81BD5FB0F00654090 /* libiconv.tbd */,
				84AD816D1C34D50C0037E162 /* libFLAC.framework */,
				C43279C71BD116AE005C6BBC /* QuartzCore.framework */,
				C43279C51BD116A8005C6BBC /* Cocoa.framework */,
				C43279C31BD116A0005C6BBC /* AVFoundation.framework */,
				C43279C11BD11636005C6BBC /* AudioToolbox.framework */,
			);
			name = Frameworks;
			path = EasyPlayer;
			sourceTree = "<group>";
		};
		849061191BCE349F008B2125 /* MusicTools */ = {
			isa = PBXGroup;
			children = (
				84C36BC01BD64D5200654090 /* JWMediaHelper.h */,
				84C36BC11BD64D5200654090 /* JWMediaHelper.m */,
				84C36BFC1BD728BC00654090 /* JWNetworkHelper.h */,
				84C36BFD1BD728BC00654090 /* JWNetworkHelper.m */,
				84C36BBC1BD64D5200654090 /* JWFileManager.h */,
				84C36BBD1BD64D5200654090 /* JWFileManager.m */,
				84C36BBE1BD64D5200654090 /* JWLrcParser.h */,
				84C36BBF1BD64D5200654090 /* JWLrcParser.m */,
			);
			name = MusicTools;
			sourceTree = "<group>";
		};
		849943611BCF6B5800823A6B /* Extentions */ = {
			isa = PBXGroup;
			children = (
				84AD816F1C34D5310037E162 /* JWMAudioUnit.h */,
				84AD81701C34D5310037E162 /* JWMAudioUnit.m */,
				84AD81711C34D5310037E162 /* JWMCommonProtocols.h */,
				84AD81721C34D5310037E162 /* JWMConverter.h */,
				84AD81731C34D5310037E162 /* JWMConverter.m */,
				84AD81741C34D5310037E162 /* JWMEngine.h */,
				84AD81751C34D5310037E162 /* JWMEngine.m */,
				84AD81761C34D5310037E162 /* JWMInputUnit.h */,
				84AD81771C34D5310037E162 /* JWMInputUnit.m */,
				84AD81781C34D5310037E162 /* JWMOutputUnit.h */,
				84AD81791C34D5310037E162 /* JWMOutputUnit.m */,
				84AD817A1C34D5310037E162 /* JWMPluginManager.h */,
				84AD817B1C34D5310037E162 /* JWMPluginManager.m */,
				84AD817C1C34D5310037E162 /* JWMQueues.h */,
				84AD817D1C34D5310037E162 /* JWMQueues.m */,
				84AD81851C34D53B0037E162 /* Plugins */,
				849061191BCE349F008B2125 /* MusicTools */,
				84C36BB31BD64D0600654090 /* NSColor+Components.h */,
				84C36BB41BD64D0600654090 /* NSColor+Components.m */,
				84C36BB51BD64D0600654090 /* NSImage+Utils.h */,
				84C36BB61BD64D0600654090 /* NSImage+Utils.m */,
				84C36BB71BD64D0600654090 /* NSString+Comparator.h */,
				84C36BB81BD64D0600654090 /* NSString+Comparator.m */,
			);
			name = Extentions;
			sourceTree = "<group>";
		};
		84AD81851C34D53B0037E162 /* Plugins */ = {
			isa = PBXGroup;
			children = (
				84AD81861C34D53B0037E162 /* CoreAudioDecoder.h */,
				84AD81871C34D53B0037E162 /* CoreAudioDecoder.m */,
				84AD81881C34D53B0037E162 /* CueSheet.h */,
				84AD81891C34D53B0037E162 /* CueSheet.m */,
				84AD818A1C34D53B0037E162 /* CueSheetContainer.h */,
				84AD818B1C34D53B0037E162 /* CueSheetContainer.m */,
				84AD818C1C34D53B0037E162 /* CueSheetDecoder.h */,
				84AD818D1C34D53B0037E162 /* CueSheetDecoder.m */,
				84AD818E1C34D53B0037E162 /* CueSheetTrack.h */,
				84AD818F1C34D53B0037E162 /* CueSheetTrack.m */,
				84AD81901C34D53B0037E162 /* FileSource.h */,
				84AD81911C34D53B0037E162 /* FileSource.m */,
				84AD81921C34D53B0037E162 /* FlacDecoder.h */,
				84AD81931C34D53B0037E162 /* FlacDecoder.m */,
				84AD81941C34D53B0037E162 /* HTTPSource.h */,
				84AD81951C34D53B0037E162 /* HTTPSource.m */,
				84AD81961C34D53B0037E162 /* M3uContainer.h */,
				84AD81971C34D53B0037E162 /* M3uContainer.m */,
			);
			name = Plugins;
			path = EasyPlayer/Extentions/Plugins;
			sourceTree = "<group>";
		};
/* End PBXGroup section */

/* Begin PBXNativeTarget section */
		849060E71BCCE3F8008B2125 /* EasyPlayer */ = {
			isa = PBXNativeTarget;
			buildConfigurationList = 849060F91BCCE3F8008B2125 /* Build configuration list for PBXNativeTarget "EasyPlayer" */;
			buildPhases = (
				849060E41BCCE3F8008B2125 /* Sources */,
				849060E51BCCE3F8008B2125 /* Frameworks */,
				849060E61BCCE3F8008B2125 /* Resources */,
			);
			buildRules = (
			);
			dependencies = (
			);
			name = EasyPlayer;
			productName = EasyPlayer;
			productReference = 849060E81BCCE3F8008B2125 /* EasyPlayer.app */;
			productType = "com.apple.product-type.application";
		};
/* End PBXNativeTarget section */

/* Begin PBXProject section */
		849060E01BCCE3F8008B2125 /* Project object */ = {
			isa = PBXProject;
			attributes = {
				LastUpgradeCheck = 0700;
				ORGANIZATIONNAME = "Jerry Wong";
				TargetAttributes = {
					849060E71BCCE3F8008B2125 = {
						CreatedOnToolsVersion = 7.0.1;
						DevelopmentTeam = F93845W87F;
					};
				};
			};
			buildConfigurationList = 849060E31BCCE3F8008B2125 /* Build configuration list for PBXProject "EasyPlayer" */;
			compatibilityVersion = "Xcode 3.2";
			developmentRegion = English;
			hasScannedForEncodings = 0;
			knownRegions = (
				en,
				Base,
			);
			mainGroup = 849060DF1BCCE3F8008B2125;
			productRefGroup = 849060E91BCCE3F8008B2125 /* Products */;
			projectDirPath = "";
			projectRoot = "";
			targets = (
				849060E71BCCE3F8008B2125 /* EasyPlayer */,
			);
		};
/* End PBXProject section */

/* Begin PBXResourcesBuildPhase section */
		849060E61BCCE3F8008B2125 /* Resources */ = {
			isa = PBXResourcesBuildPhase;
			buildActionMask = 2147483647;
			files = (
				849943601BCE4BA200823A6B /* MusicInfoViewController.xib in Resources */,
				849061001BCCE425008B2125 /* PlaylistViewController.xib in Resources */,
				849061081BCCEA85008B2125 /* PlayerViewController.xib in Resources */,
				849060F21BCCE3F8008B2125 /* Assets.xcassets in Resources */,
				849060F51BCCE3F8008B2125 /* MainMenu.xib in Resources */,
			);
			runOnlyForDeploymentPostprocessing = 0;
		};
/* End PBXResourcesBuildPhase section */

/* Begin PBXSourcesBuildPhase section */
		849060E41BCCE3F8008B2125 /* Sources */ = {
			isa = PBXSourcesBuildPhase;
			buildActionMask = 2147483647;
			files = (
				84AD819E1C34D53B0037E162 /* FlacDecoder.m in Sources */,
				84AD81A01C34D53B0037E162 /* M3uContainer.m in Sources */,
				8499435F1BCE4BA200823A6B /* MusicInfoViewController.m in Sources */,
				84FF4E581BE06B84007B9D56 /* JWModel.m in Sources */,
				84FF4E591BE06B84007B9D56 /* JWTagInfo.m in Sources */,
				84AD81811C34D5310037E162 /* JWMInputUnit.m in Sources */,
				849060F01BCCE3F8008B2125 /* main.m in Sources */,
				84AD81831C34D5310037E162 /* JWMPluginManager.m in Sources */,
				84AD81801C34D5310037E162 /* JWMEngine.m in Sources */,
				849061071BCCEA85008B2125 /* PlayerViewController.m in Sources */,
				84C36BC21BD64D5200654090 /* JWFileManager.m in Sources */,
				849060ED1BCCE3F8008B2125 /* AppDelegate.m in Sources */,
				84AD81841C34D5310037E162 /* JWMQueues.m in Sources */,
				84AD819F1C34D53B0037E162 /* HTTPSource.m in Sources */,
				84AD817F1C34D5310037E162 /* JWMConverter.m in Sources */,
				84C36BB91BD64D0600654090 /* NSColor+Components.m in Sources */,
				84AD81821C34D5310037E162 /* JWMOutputUnit.m in Sources */,
				84AD81981C34D53B0037E162 /* CoreAudioDecoder.m in Sources */,
				84C36BC41BD64D5200654090 /* JWMediaHelper.m in Sources */,
				84AD819D1C34D53B0037E162 /* FileSource.m in Sources */,
				849061151BCE099B008B2125 /* MusicProgressView.m in Sources */,
				84C36BFE1BD728BC00654090 /* JWNetworkHelper.m in Sources */,
				849060FF1BCCE425008B2125 /* PlaylistViewController.m in Sources */,
				84AD819A1C34D53B0037E162 /* CueSheetContainer.m in Sources */,
				84FF4E5A1BE06B84007B9D56 /* JWTrack.m in Sources */,
				84AD819C1C34D53B0037E162 /* CueSheetTrack.m in Sources */,
				84AD81991C34D53B0037E162 /* CueSheet.m in Sources */,
				84AD819B1C34D53B0037E162 /* CueSheetDecoder.m in Sources */,
				84C36BC31BD64D5200654090 /* JWLrcParser.m in Sources */,
				84AD817E1C34D5310037E162 /* JWMAudioUnit.m in Sources */,
				84C36BBB1BD64D0600654090 /* NSString+Comparator.m in Sources */,
				84C36BBA1BD64D0600654090 /* NSImage+Utils.m in Sources */,
			);
			runOnlyForDeploymentPostprocessing = 0;
		};
/* End PBXSourcesBuildPhase section */

/* Begin PBXVariantGroup section */
		849060F31BCCE3F8008B2125 /* MainMenu.xib */ = {
			isa = PBXVariantGroup;
			children = (
				849060F41BCCE3F8008B2125 /* Base */,
			);
			name = MainMenu.xib;
			sourceTree = "<group>";
		};
/* End PBXVariantGroup section */

/* Begin XCBuildConfiguration section */
		849060F71BCCE3F8008B2125 /* Debug */ = {
			isa = XCBuildConfiguration;
			buildSettings = {
				ALWAYS_SEARCH_USER_PATHS = NO;
				CLANG_CXX_LANGUAGE_STANDARD = "gnu++0x";
				CLANG_CXX_LIBRARY = "libc++";
				CLANG_ENABLE_MODULES = YES;
				CLANG_ENABLE_OBJC_ARC = YES;
				CLANG_WARN_BOOL_CONVERSION = YES;
				CLANG_WARN_CONSTANT_CONVERSION = YES;
				CLANG_WARN_DIRECT_OBJC_ISA_USAGE = YES_ERROR;
				CLANG_WARN_EMPTY_BODY = YES;
				CLANG_WARN_ENUM_CONVERSION = YES;
				CLANG_WARN_INT_CONVERSION = YES;
				CLANG_WARN_OBJC_ROOT_CLASS = YES_ERROR;
				CLANG_WARN_UNREACHABLE_CODE = YES;
				CLANG_WARN__DUPLICATE_METHOD_MATCH = YES;
				CODE_SIGN_IDENTITY = "-";
				COPY_PHASE_STRIP = NO;
				DEBUG_INFORMATION_FORMAT = dwarf;
				ENABLE_STRICT_OBJC_MSGSEND = YES;
				ENABLE_TESTABILITY = YES;
				GCC_C_LANGUAGE_STANDARD = gnu99;
				GCC_DYNAMIC_NO_PIC = NO;
				GCC_NO_COMMON_BLOCKS = YES;
				GCC_OPTIMIZATION_LEVEL = 0;
				GCC_PREPROCESSOR_DEFINITIONS = (
					"DEBUG=1",
					"$(inherited)",
				);
				GCC_WARN_64_TO_32_BIT_CONVERSION = YES;
				GCC_WARN_ABOUT_RETURN_TYPE = YES_ERROR;
				GCC_WARN_UNDECLARED_SELECTOR = YES;
				GCC_WARN_UNINITIALIZED_AUTOS = YES_AGGRESSIVE;
				GCC_WARN_UNUSED_FUNCTION = YES;
				GCC_WARN_UNUSED_VARIABLE = YES;
				MACOSX_DEPLOYMENT_TARGET = 10.10;
				MTL_ENABLE_DEBUG_INFO = YES;
				ONLY_ACTIVE_ARCH = YES;
				SDKROOT = macosx;
			};
			name = Debug;
		};
		849060F81BCCE3F8008B2125 /* Release */ = {
			isa = XCBuildConfiguration;
			buildSettings = {
				ALWAYS_SEARCH_USER_PATHS = NO;
				CLANG_CXX_LANGUAGE_STANDARD = "gnu++0x";
				CLANG_CXX_LIBRARY = "libc++";
				CLANG_ENABLE_MODULES = YES;
				CLANG_ENABLE_OBJC_ARC = YES;
				CLANG_WARN_BOOL_CONVERSION = YES;
				CLANG_WARN_CONSTANT_CONVERSION = YES;
				CLANG_WARN_DIRECT_OBJC_ISA_USAGE = YES_ERROR;
				CLANG_WARN_EMPTY_BODY = YES;
				CLANG_WARN_ENUM_CONVERSION = YES;
				CLANG_WARN_INT_CONVERSION = YES;
				CLANG_WARN_OBJC_ROOT_CLASS = YES_ERROR;
				CLANG_WARN_UNREACHABLE_CODE = YES;
				CLANG_WARN__DUPLICATE_METHOD_MATCH = YES;
				CODE_SIGN_IDENTITY = "-";
				COPY_PHASE_STRIP = NO;
				DEBUG_INFORMATION_FORMAT = "dwarf-with-dsym";
				ENABLE_NS_ASSERTIONS = NO;
				ENABLE_STRICT_OBJC_MSGSEND = YES;
				GCC_C_LANGUAGE_STANDARD = gnu99;
				GCC_NO_COMMON_BLOCKS = YES;
				GCC_WARN_64_TO_32_BIT_CONVERSION = YES;
				GCC_WARN_ABOUT_RETURN_TYPE = YES_ERROR;
				GCC_WARN_UNDECLARED_SELECTOR = YES;
				GCC_WARN_UNINITIALIZED_AUTOS = YES_AGGRESSIVE;
				GCC_WARN_UNUSED_FUNCTION = YES;
				GCC_WARN_UNUSED_VARIABLE = YES;
				MACOSX_DEPLOYMENT_TARGET = 10.10;
				MTL_ENABLE_DEBUG_INFO = NO;
				SDKROOT = macosx;
			};
			name = Release;
		};
		849060FA1BCCE3F8008B2125 /* Debug */ = {
			isa = XCBuildConfiguration;
			buildSettings = {
				ASSETCATALOG_COMPILER_APPICON_NAME = AppIcon;
				CODE_SIGN_IDENTITY = "Mac Developer";
				COMBINE_HIDPI_IMAGES = YES;
				FRAMEWORK_SEARCH_PATHS = (
					"$(inherited)",
					"$(LOCAL_LIBRARY_DIR)/Frameworks",
					"$(PROJECT_DIR)/EasyPlayer/Extentions",
				);
				INFOPLIST_FILE = EasyPlayer/Info.plist;
				LD_RUNPATH_SEARCH_PATHS = "$(inherited) @executable_path/../Frameworks";
				LIBRARY_SEARCH_PATHS = "$(inherited)";
				MACOSX_DEPLOYMENT_TARGET = 10.10;
				PRODUCT_BUNDLE_IDENTIFIER = com.jerry.EasyPlayer;
				PRODUCT_NAME = "$(TARGET_NAME)";
			};
			name = Debug;
		};
		849060FB1BCCE3F8008B2125 /* Release */ = {
			isa = XCBuildConfiguration;
			buildSettings = {
				ASSETCATALOG_COMPILER_APPICON_NAME = AppIcon;
				CODE_SIGN_IDENTITY = "Mac Developer";
				COMBINE_HIDPI_IMAGES = YES;
				FRAMEWORK_SEARCH_PATHS = (
					"$(inherited)",
					"$(LOCAL_LIBRARY_DIR)/Frameworks",
					"$(PROJECT_DIR)/EasyPlayer/Extentions",
				);
				INFOPLIST_FILE = EasyPlayer/Info.plist;
				LD_RUNPATH_SEARCH_PATHS = "$(inherited) @executable_path/../Frameworks";
				LIBRARY_SEARCH_PATHS = "$(inherited)";
				MACOSX_DEPLOYMENT_TARGET = 10.10;
				PRODUCT_BUNDLE_IDENTIFIER = com.jerry.EasyPlayer;
				PRODUCT_NAME = "$(TARGET_NAME)";
			};
			name = Release;
		};
/* End XCBuildConfiguration section */

/* Begin XCConfigurationList section */
		849060E31BCCE3F8008B2125 /* Build configuration list for PBXProject "EasyPlayer" */ = {
			isa = XCConfigurationList;
			buildConfigurations = (
				849060F71BCCE3F8008B2125 /* Debug */,
				849060F81BCCE3F8008B2125 /* Release */,
			);
			defaultConfigurationIsVisible = 0;
			defaultConfigurationName = Release;
		};
		849060F91BCCE3F8008B2125 /* Build configuration list for PBXNativeTarget "EasyPlayer" */ = {
			isa = XCConfigurationList;
			buildConfigurations = (
				849060FA1BCCE3F8008B2125 /* Debug */,
				849060FB1BCCE3F8008B2125 /* Release */,
			);
			defaultConfigurationIsVisible = 0;
			defaultConfigurationName = Release;
		};
/* End XCConfigurationList section */
	};
	rootObject = 849060E01BCCE3F8008B2125 /* Project object */;
}
