// !$*UTF8*$!
{
	archiveVersion = 1;
	classes = {
	};
	objectVersion = 46;
	objects = {

/* Begin PBXBuildFile section */
		849060ED1BCCE3F8008B2125 /* AppDelegate.m in Sources */ = {isa = PBXBuildFile; fileRef = 849060EC1BCCE3F8008B2125 /* AppDelegate.m */; };
		849060F01BCCE3F8008B2125 /* main.m in Sources */ = {isa = PBXBuildFile; fileRef = 849060EF1BCCE3F8008B2125 /* main.m */; };
		849060F21BCCE3F8008B2125 /* Assets.xcassets in Resources */ = {isa = PBXBuildFile; fileRef = 849060F11BCCE3F8008B2125 /* Assets.xcassets */; };
		849060F51BCCE3F8008B2125 /* MainMenu.xib in Resources */ = {isa = PBXBuildFile; fileRef = 849060F31BCCE3F8008B2125 /* MainMenu.xib */; };
		849060FF1BCCE425008B2125 /* PlaylistViewController.m in Sources */ = {isa = PBXBuildFile; fileRef = 849060FD1BCCE425008B2125 /* PlaylistViewController.m */; };
		849061001BCCE425008B2125 /* PlaylistViewController.xib in Resources */ = {isa = PBXBuildFile; fileRef = 849060FE1BCCE425008B2125 /* PlaylistViewController.xib */; };
		849061071BCCEA85008B2125 /* PlayerViewController.m in Sources */ = {isa = PBXBuildFile; fileRef = 849061051BCCEA85008B2125 /* PlayerViewController.m */; };
		849061081BCCEA85008B2125 /* PlayerViewController.xib in Resources */ = {isa = PBXBuildFile; fileRef = 849061061BCCEA85008B2125 /* PlayerViewController.xib */; };
		849061151BCE099B008B2125 /* MusicProgressView.m in Sources */ = {isa = PBXBuildFile; fileRef = 849061141BCE099B008B2125 /* MusicProgressView.m */; };
		8499435F1BCE4BA200823A6B /* MusicInfoViewController.m in Sources */ = {isa = PBXBuildFile; fileRef = 8499435D1BCE4BA200823A6B /* MusicInfoViewController.m */; };
		849943601BCE4BA200823A6B /* MusicInfoViewController.xib in Resources */ = {isa = PBXBuildFile; fileRef = 8499435E1BCE4BA200823A6B /* MusicInfoViewController.xib */; };
		84C36BA91BD5FB0F00654090 /* libiconv.tbd in Frameworks */ = {isa = PBXBuildFile; fileRef = 84C36BA81BD5FB0F00654090 /* libiconv.tbd */; };
		84ED11A11C3A2D7900725CCF /* main.m in Sources */ = {isa = PBXBuildFile; fileRef = 84ED11A01C3A2D7900725CCF /* main.m */; };
		84ED11A41C3A2D7900725CCF /* AppDelegate.m in Sources */ = {isa = PBXBuildFile; fileRef = 84ED11A31C3A2D7900725CCF /* AppDelegate.m */; };
		84ED11A71C3A2D7900725CCF /* PlayListViewController.m in Sources */ = {isa = PBXBuildFile; fileRef = 84ED11A61C3A2D7900725CCF /* PlayListViewController.m */; };
		84ED11AC1C3A2D7900725CCF /* Assets.xcassets in Resources */ = {isa = PBXBuildFile; fileRef = 84ED11AB1C3A2D7900725CCF /* Assets.xcassets */; };
		84ED11AF1C3A2D7900725CCF /* LaunchScreen.storyboard in Resources */ = {isa = PBXBuildFile; fileRef = 84ED11AD1C3A2D7900725CCF /* LaunchScreen.storyboard */; };
		84ED12E71C3A731400725CCF /* PlayListCell.m in Sources */ = {isa = PBXBuildFile; fileRef = 84ED12E51C3A731400725CCF /* PlayListCell.m */; };
		84ED12EB1C3A78A200725CCF /* PlayerViewController.m in Sources */ = {isa = PBXBuildFile; fileRef = 84ED12E91C3A78A200725CCF /* PlayerViewController.m */; };
		C43279C21BD11636005C6BBC /* AudioToolbox.framework in Frameworks */ = {isa = PBXBuildFile; fileRef = C43279C11BD11636005C6BBC /* AudioToolbox.framework */; };
		C43279C41BD116A0005C6BBC /* AVFoundation.framework in Frameworks */ = {isa = PBXBuildFile; fileRef = C43279C31BD116A0005C6BBC /* AVFoundation.framework */; };
		C43279C61BD116A8005C6BBC /* Cocoa.framework in Frameworks */ = {isa = PBXBuildFile; fileRef = C43279C51BD116A8005C6BBC /* Cocoa.framework */; };
		C43279C81BD116AE005C6BBC /* QuartzCore.framework in Frameworks */ = {isa = PBXBuildFile; fileRef = C43279C71BD116AE005C6BBC /* QuartzCore.framework */; };
		C478F28E1E07B0AE00AF0A64 /* AudioUnit.framework in Frameworks */ = {isa = PBXBuildFile; fileRef = C478F28D1E07B0AE00AF0A64 /* AudioUnit.framework */; };
		C497CD45212FE20500D7F7CF /* JWTagInfo.m in Sources */ = {isa = PBXBuildFile; fileRef = C497CD0D212FE20500D7F7CF /* JWTagInfo.m */; };
		C497CD46212FE20500D7F7CF /* JWTagInfo.m in Sources */ = {isa = PBXBuildFile; fileRef = C497CD0D212FE20500D7F7CF /* JWTagInfo.m */; };
		C497CD47212FE20500D7F7CF /* JWModel.m in Sources */ = {isa = PBXBuildFile; fileRef = C497CD0E212FE20500D7F7CF /* JWModel.m */; };
		C497CD48212FE20500D7F7CF /* JWModel.m in Sources */ = {isa = PBXBuildFile; fileRef = C497CD0E212FE20500D7F7CF /* JWModel.m */; };
		C497CD49212FE20500D7F7CF /* JWTrack.m in Sources */ = {isa = PBXBuildFile; fileRef = C497CD0F212FE20500D7F7CF /* JWTrack.m */; };
		C497CD4A212FE20500D7F7CF /* JWTrack.m in Sources */ = {isa = PBXBuildFile; fileRef = C497CD0F212FE20500D7F7CF /* JWTrack.m */; };
		C497CD4B212FE20500D7F7CF /* JWNetworkHelper.m in Sources */ = {isa = PBXBuildFile; fileRef = C497CD16212FE20500D7F7CF /* JWNetworkHelper.m */; };
		C497CD4C212FE20500D7F7CF /* JWNetworkHelper.m in Sources */ = {isa = PBXBuildFile; fileRef = C497CD16212FE20500D7F7CF /* JWNetworkHelper.m */; };
		C497CD4D212FE20500D7F7CF /* NSImage+Utils.m in Sources */ = {isa = PBXBuildFile; fileRef = C497CD18212FE20500D7F7CF /* NSImage+Utils.m */; };
		C497CD4E212FE20500D7F7CF /* NSImage+Utils.m in Sources */ = {isa = PBXBuildFile; fileRef = C497CD18212FE20500D7F7CF /* NSImage+Utils.m */; };
		C497CD4F212FE20500D7F7CF /* JWFileManager.m in Sources */ = {isa = PBXBuildFile; fileRef = C497CD19212FE20500D7F7CF /* JWFileManager.m */; };
		C497CD50212FE20500D7F7CF /* JWFileManager.m in Sources */ = {isa = PBXBuildFile; fileRef = C497CD19212FE20500D7F7CF /* JWFileManager.m */; };
		C497CD51212FE20500D7F7CF /* JWMediaHelper.m in Sources */ = {isa = PBXBuildFile; fileRef = C497CD1B212FE20500D7F7CF /* JWMediaHelper.m */; };
		C497CD52212FE20500D7F7CF /* JWMediaHelper.m in Sources */ = {isa = PBXBuildFile; fileRef = C497CD1B212FE20500D7F7CF /* JWMediaHelper.m */; };
		C497CD53212FE20500D7F7CF /* NSColor+Components.m in Sources */ = {isa = PBXBuildFile; fileRef = C497CD1C212FE20500D7F7CF /* NSColor+Components.m */; };
		C497CD54212FE20500D7F7CF /* NSColor+Components.m in Sources */ = {isa = PBXBuildFile; fileRef = C497CD1C212FE20500D7F7CF /* NSColor+Components.m */; };
		C497CD55212FE20500D7F7CF /* NSString+Comparator.m in Sources */ = {isa = PBXBuildFile; fileRef = C497CD1E212FE20500D7F7CF /* NSString+Comparator.m */; };
		C497CD56212FE20500D7F7CF /* NSString+Comparator.m in Sources */ = {isa = PBXBuildFile; fileRef = C497CD1E212FE20500D7F7CF /* NSString+Comparator.m */; };
		C497CD57212FE20500D7F7CF /* JWLrcParser.m in Sources */ = {isa = PBXBuildFile; fileRef = C497CD1F212FE20500D7F7CF /* JWLrcParser.m */; };
		C497CD58212FE20500D7F7CF /* JWLrcParser.m in Sources */ = {isa = PBXBuildFile; fileRef = C497CD1F212FE20500D7F7CF /* JWLrcParser.m */; };
		C497CD59212FE20500D7F7CF /* JWMOutputUnit.m in Sources */ = {isa = PBXBuildFile; fileRef = C497CD24212FE20500D7F7CF /* JWMOutputUnit.m */; };
		C497CD5A212FE20500D7F7CF /* JWMOutputUnit.m in Sources */ = {isa = PBXBuildFile; fileRef = C497CD24212FE20500D7F7CF /* JWMOutputUnit.m */; };
		C497CD5D212FE20500D7F7CF /* JWMInputUnit.m in Sources */ = {isa = PBXBuildFile; fileRef = C497CD27212FE20500D7F7CF /* JWMInputUnit.m */; };
		C497CD5E212FE20500D7F7CF /* JWMInputUnit.m in Sources */ = {isa = PBXBuildFile; fileRef = C497CD27212FE20500D7F7CF /* JWMInputUnit.m */; };
		C497CD5F212FE20500D7F7CF /* JWMEngine.m in Sources */ = {isa = PBXBuildFile; fileRef = C497CD29212FE20500D7F7CF /* JWMEngine.m */; };
		C497CD60212FE20500D7F7CF /* JWMEngine.m in Sources */ = {isa = PBXBuildFile; fileRef = C497CD29212FE20500D7F7CF /* JWMEngine.m */; };
		C497CD61212FE20500D7F7CF /* JWMPluginManager.m in Sources */ = {isa = PBXBuildFile; fileRef = C497CD2A212FE20500D7F7CF /* JWMPluginManager.m */; };
		C497CD62212FE20500D7F7CF /* JWMPluginManager.m in Sources */ = {isa = PBXBuildFile; fileRef = C497CD2A212FE20500D7F7CF /* JWMPluginManager.m */; };
		C497CD63212FE20500D7F7CF /* JWMAudioUnit.m in Sources */ = {isa = PBXBuildFile; fileRef = C497CD2B212FE20500D7F7CF /* JWMAudioUnit.m */; };
		C497CD64212FE20500D7F7CF /* JWMAudioUnit.m in Sources */ = {isa = PBXBuildFile; fileRef = C497CD2B212FE20500D7F7CF /* JWMAudioUnit.m */; };
		C497CD65212FE20500D7F7CF /* JWMConverter.m in Sources */ = {isa = PBXBuildFile; fileRef = C497CD30212FE20500D7F7CF /* JWMConverter.m */; };
		C497CD66212FE20500D7F7CF /* JWMConverter.m in Sources */ = {isa = PBXBuildFile; fileRef = C497CD30212FE20500D7F7CF /* JWMConverter.m */; };
		C497CD7E212FE2BD00D7F7CF /* FileSource.m in Sources */ = {isa = PBXBuildFile; fileRef = C497CD6A212FE2BD00D7F7CF /* FileSource.m */; };
		C497CD7F212FE2BD00D7F7CF /* FileSource.m in Sources */ = {isa = PBXBuildFile; fileRef = C497CD6A212FE2BD00D7F7CF /* FileSource.m */; };
		C497CD80212FE2BD00D7F7CF /* HTTPSource.m in Sources */ = {isa = PBXBuildFile; fileRef = C497CD6B212FE2BD00D7F7CF /* HTTPSource.m */; };
		C497CD81212FE2BD00D7F7CF /* HTTPSource.m in Sources */ = {isa = PBXBuildFile; fileRef = C497CD6B212FE2BD00D7F7CF /* HTTPSource.m */; };
		C497CD82212FE2BD00D7F7CF /* CoreAudioDecoder.m in Sources */ = {isa = PBXBuildFile; fileRef = C497CD6F212FE2BD00D7F7CF /* CoreAudioDecoder.m */; };
		C497CD83212FE2BD00D7F7CF /* CoreAudioDecoder.m in Sources */ = {isa = PBXBuildFile; fileRef = C497CD6F212FE2BD00D7F7CF /* CoreAudioDecoder.m */; };
		C497CD84212FE2BD00D7F7CF /* FlacDecoder.m in Sources */ = {isa = PBXBuildFile; fileRef = C497CD72212FE2BD00D7F7CF /* FlacDecoder.m */; };
		C497CD85212FE2BD00D7F7CF /* FlacDecoder.m in Sources */ = {isa = PBXBuildFile; fileRef = C497CD72212FE2BD00D7F7CF /* FlacDecoder.m */; };
		C497CD86212FE2BD00D7F7CF /* CueSheetDecoder.m in Sources */ = {isa = PBXBuildFile; fileRef = C497CD75212FE2BD00D7F7CF /* CueSheetDecoder.m */; };
		C497CD87212FE2BD00D7F7CF /* CueSheetDecoder.m in Sources */ = {isa = PBXBuildFile; fileRef = C497CD75212FE2BD00D7F7CF /* CueSheetDecoder.m */; };
		C497CD88212FE2BD00D7F7CF /* CueSheet.m in Sources */ = {isa = PBXBuildFile; fileRef = C497CD76212FE2BD00D7F7CF /* CueSheet.m */; };
		C497CD89212FE2BD00D7F7CF /* CueSheet.m in Sources */ = {isa = PBXBuildFile; fileRef = C497CD76212FE2BD00D7F7CF /* CueSheet.m */; };
		C497CD8A212FE2BD00D7F7CF /* M3uContainer.m in Sources */ = {isa = PBXBuildFile; fileRef = C497CD77212FE2BD00D7F7CF /* M3uContainer.m */; };
		C497CD8B212FE2BD00D7F7CF /* M3uContainer.m in Sources */ = {isa = PBXBuildFile; fileRef = C497CD77212FE2BD00D7F7CF /* M3uContainer.m */; };
		C497CD8C212FE2BD00D7F7CF /* CueSheetTrack.m in Sources */ = {isa = PBXBuildFile; fileRef = C497CD78212FE2BD00D7F7CF /* CueSheetTrack.m */; };
		C497CD8D212FE2BD00D7F7CF /* CueSheetTrack.m in Sources */ = {isa = PBXBuildFile; fileRef = C497CD78212FE2BD00D7F7CF /* CueSheetTrack.m */; };
		C497CD8E212FE2BD00D7F7CF /* CueSheetContainer.m in Sources */ = {isa = PBXBuildFile; fileRef = C497CD79212FE2BD00D7F7CF /* CueSheetContainer.m */; };
		C497CD8F212FE2BD00D7F7CF /* CueSheetContainer.m in Sources */ = {isa = PBXBuildFile; fileRef = C497CD79212FE2BD00D7F7CF /* CueSheetContainer.m */; };
		C497CD93212FE55400D7F7CF /* libFLAC.framework in Frameworks */ = {isa = PBXBuildFile; fileRef = 84AD816D1C34D50C0037E162 /* libFLAC.framework */; };
		C497CD97212FEB6100D7F7CF /* libFLACIOS.framework in Frameworks */ = {isa = PBXBuildFile; fileRef = 84ED12DB1C3A452500725CCF /* libFLACIOS.framework */; };
		C497CD9E212FEF0B00D7F7CF /* JWMQueues.m in Sources */ = {isa = PBXBuildFile; fileRef = C497CD9C212FEF0B00D7F7CF /* JWMQueues.m */; };
		C497CD9F212FEF0B00D7F7CF /* JWMQueues.m in Sources */ = {isa = PBXBuildFile; fileRef = C497CD9C212FEF0B00D7F7CF /* JWMQueues.m */; };
/* End PBXBuildFile section */

/* Begin PBXFileReference section */
		849060E81BCCE3F8008B2125 /* EasyPlayer.app */ = {isa = PBXFileReference; explicitFileType = wrapper.application; includeInIndex = 0; path = EasyPlayer.app; sourceTree = BUILT_PRODUCTS_DIR; };
		849060EB1BCCE3F8008B2125 /* AppDelegate.h */ = {isa = PBXFileReference; lastKnownFileType = sourcecode.c.h; path = AppDelegate.h; sourceTree = "<group>"; };
		849060EC1BCCE3F8008B2125 /* AppDelegate.m */ = {isa = PBXFileReference; lastKnownFileType = sourcecode.c.objc; path = AppDelegate.m; sourceTree = "<group>"; };
		849060EF1BCCE3F8008B2125 /* main.m */ = {isa = PBXFileReference; lastKnownFileType = sourcecode.c.objc; path = main.m; sourceTree = "<group>"; };
		849060F11BCCE3F8008B2125 /* Assets.xcassets */ = {isa = PBXFileReference; lastKnownFileType = folder.assetcatalog; path = Assets.xcassets; sourceTree = "<group>"; };
		849060F41BCCE3F8008B2125 /* Base */ = {isa = PBXFileReference; lastKnownFileType = file.xib; name = Base; path = Base.lproj/MainMenu.xib; sourceTree = "<group>"; };
		849060F61BCCE3F8008B2125 /* Info.plist */ = {isa = PBXFileReference; lastKnownFileType = text.plist.xml; path = Info.plist; sourceTree = "<group>"; };
		849060FC1BCCE425008B2125 /* PlaylistViewController.h */ = {isa = PBXFileReference; fileEncoding = 4; lastKnownFileType = sourcecode.c.h; path = PlaylistViewController.h; sourceTree = "<group>"; };
		849060FD1BCCE425008B2125 /* PlaylistViewController.m */ = {isa = PBXFileReference; fileEncoding = 4; lastKnownFileType = sourcecode.c.objc; path = PlaylistViewController.m; sourceTree = "<group>"; };
		849060FE1BCCE425008B2125 /* PlaylistViewController.xib */ = {isa = PBXFileReference; fileEncoding = 4; lastKnownFileType = file.xib; path = PlaylistViewController.xib; sourceTree = "<group>"; };
		849061041BCCEA85008B2125 /* PlayerViewController.h */ = {isa = PBXFileReference; fileEncoding = 4; lastKnownFileType = sourcecode.c.h; path = PlayerViewController.h; sourceTree = "<group>"; };
		849061051BCCEA85008B2125 /* PlayerViewController.m */ = {isa = PBXFileReference; fileEncoding = 4; lastKnownFileType = sourcecode.c.objc; path = PlayerViewController.m; sourceTree = "<group>"; };
		849061061BCCEA85008B2125 /* PlayerViewController.xib */ = {isa = PBXFileReference; fileEncoding = 4; lastKnownFileType = file.xib; path = PlayerViewController.xib; sourceTree = "<group>"; };
		849061131BCE099B008B2125 /* MusicProgressView.h */ = {isa = PBXFileReference; fileEncoding = 4; lastKnownFileType = sourcecode.c.h; path = MusicProgressView.h; sourceTree = "<group>"; };
		849061141BCE099B008B2125 /* MusicProgressView.m */ = {isa = PBXFileReference; fileEncoding = 4; lastKnownFileType = sourcecode.c.objc; path = MusicProgressView.m; sourceTree = "<group>"; };
		8499435C1BCE4BA200823A6B /* MusicInfoViewController.h */ = {isa = PBXFileReference; fileEncoding = 4; lastKnownFileType = sourcecode.c.h; path = MusicInfoViewController.h; sourceTree = "<group>"; };
		8499435D1BCE4BA200823A6B /* MusicInfoViewController.m */ = {isa = PBXFileReference; fileEncoding = 4; lastKnownFileType = sourcecode.c.objc; path = MusicInfoViewController.m; sourceTree = "<group>"; };
		8499435E1BCE4BA200823A6B /* MusicInfoViewController.xib */ = {isa = PBXFileReference; fileEncoding = 4; lastKnownFileType = file.xib; path = MusicInfoViewController.xib; sourceTree = "<group>"; };
		84AD816D1C34D50C0037E162 /* libFLAC.framework */ = {isa = PBXFileReference; lastKnownFileType = wrapper.framework; name = libFLAC.framework; path = lib/libFLAC.framework; sourceTree = "<group>"; };
		84C36BA81BD5FB0F00654090 /* libiconv.tbd */ = {isa = PBXFileReference; lastKnownFileType = "sourcecode.text-based-dylib-definition"; name = libiconv.tbd; path = usr/lib/libiconv.tbd; sourceTree = SDKROOT; };
		84ED119D1C3A2D7900725CCF /* EasyPlayerIOS.app */ = {isa = PBXFileReference; explicitFileType = wrapper.application; includeInIndex = 0; path = EasyPlayerIOS.app; sourceTree = BUILT_PRODUCTS_DIR; };
		84ED11A01C3A2D7900725CCF /* main.m */ = {isa = PBXFileReference; lastKnownFileType = sourcecode.c.objc; path = main.m; sourceTree = "<group>"; };
		84ED11A21C3A2D7900725CCF /* AppDelegate.h */ = {isa = PBXFileReference; lastKnownFileType = sourcecode.c.h; path = AppDelegate.h; sourceTree = "<group>"; };
		84ED11A31C3A2D7900725CCF /* AppDelegate.m */ = {isa = PBXFileReference; lastKnownFileType = sourcecode.c.objc; path = AppDelegate.m; sourceTree = "<group>"; };
		84ED11A51C3A2D7900725CCF /* PlayListViewController.h */ = {isa = PBXFileReference; lastKnownFileType = sourcecode.c.h; path = PlayListViewController.h; sourceTree = "<group>"; };
		84ED11A61C3A2D7900725CCF /* PlayListViewController.m */ = {isa = PBXFileReference; lastKnownFileType = sourcecode.c.objc; path = PlayListViewController.m; sourceTree = "<group>"; };
		84ED11AB1C3A2D7900725CCF /* Assets.xcassets */ = {isa = PBXFileReference; lastKnownFileType = folder.assetcatalog; path = Assets.xcassets; sourceTree = "<group>"; };
		84ED11AE1C3A2D7900725CCF /* Base */ = {isa = PBXFileReference; lastKnownFileType = file.storyboard; name = Base; path = Base.lproj/LaunchScreen.storyboard; sourceTree = "<group>"; };
		84ED11B01C3A2D7900725CCF /* Info.plist */ = {isa = PBXFileReference; lastKnownFileType = text.plist.xml; path = Info.plist; sourceTree = "<group>"; };
		84ED12DB1C3A452500725CCF /* libFLACIOS.framework */ = {isa = PBXFileReference; lastKnownFileType = wrapper.framework; name = libFLACIOS.framework; path = ../EasyPlayerIOS/lib/libFLACIOS.framework; sourceTree = "<group>"; };
		84ED12E41C3A731400725CCF /* PlayListCell.h */ = {isa = PBXFileReference; fileEncoding = 4; lastKnownFileType = sourcecode.c.h; path = PlayListCell.h; sourceTree = "<group>"; };
		84ED12E51C3A731400725CCF /* PlayListCell.m */ = {isa = PBXFileReference; fileEncoding = 4; lastKnownFileType = sourcecode.c.objc; path = PlayListCell.m; sourceTree = "<group>"; };
		84ED12E81C3A78A200725CCF /* PlayerViewController.h */ = {isa = PBXFileReference; fileEncoding = 4; lastKnownFileType = sourcecode.c.h; path = PlayerViewController.h; sourceTree = "<group>"; };
		84ED12E91C3A78A200725CCF /* PlayerViewController.m */ = {isa = PBXFileReference; fileEncoding = 4; lastKnownFileType = sourcecode.c.objc; path = PlayerViewController.m; sourceTree = "<group>"; };
		C43279C11BD11636005C6BBC /* AudioToolbox.framework */ = {isa = PBXFileReference; lastKnownFileType = wrapper.framework; name = AudioToolbox.framework; path = System/Library/Frameworks/AudioToolbox.framework; sourceTree = SDKROOT; };
		C43279C31BD116A0005C6BBC /* AVFoundation.framework */ = {isa = PBXFileReference; lastKnownFileType = wrapper.framework; name = AVFoundation.framework; path = System/Library/Frameworks/AVFoundation.framework; sourceTree = SDKROOT; };
		C43279C51BD116A8005C6BBC /* Cocoa.framework */ = {isa = PBXFileReference; lastKnownFileType = wrapper.framework; name = Cocoa.framework; path = System/Library/Frameworks/Cocoa.framework; sourceTree = SDKROOT; };
		C43279C71BD116AE005C6BBC /* QuartzCore.framework */ = {isa = PBXFileReference; lastKnownFileType = wrapper.framework; name = QuartzCore.framework; path = System/Library/Frameworks/QuartzCore.framework; sourceTree = SDKROOT; };
		C478F28D1E07B0AE00AF0A64 /* AudioUnit.framework */ = {isa = PBXFileReference; lastKnownFileType = wrapper.framework; name = AudioUnit.framework; path = System/Library/Frameworks/AudioUnit.framework; sourceTree = SDKROOT; };
		C497CD0D212FE20500D7F7CF /* JWTagInfo.m */ = {isa = PBXFileReference; fileEncoding = 4; lastKnownFileType = sourcecode.c.objc; path = JWTagInfo.m; sourceTree = "<group>"; };
		C497CD0E212FE20500D7F7CF /* JWModel.m */ = {isa = PBXFileReference; fileEncoding = 4; lastKnownFileType = sourcecode.c.objc; path = JWModel.m; sourceTree = "<group>"; };
		C497CD0F212FE20500D7F7CF /* JWTrack.m */ = {isa = PBXFileReference; fileEncoding = 4; lastKnownFileType = sourcecode.c.objc; path = JWTrack.m; sourceTree = "<group>"; };
		C497CD10212FE20500D7F7CF /* JWTagInfo.h */ = {isa = PBXFileReference; fileEncoding = 4; lastKnownFileType = sourcecode.c.h; path = JWTagInfo.h; sourceTree = "<group>"; };
		C497CD11212FE20500D7F7CF /* JWModel.h */ = {isa = PBXFileReference; fileEncoding = 4; lastKnownFileType = sourcecode.c.h; path = JWModel.h; sourceTree = "<group>"; };
		C497CD12212FE20500D7F7CF /* JWTrack.h */ = {isa = PBXFileReference; fileEncoding = 4; lastKnownFileType = sourcecode.c.h; path = JWTrack.h; sourceTree = "<group>"; };
		C497CD14212FE20500D7F7CF /* JWHeader.h */ = {isa = PBXFileReference; fileEncoding = 4; lastKnownFileType = sourcecode.c.h; path = JWHeader.h; sourceTree = "<group>"; };
		C497CD15212FE20500D7F7CF /* NSString+Comparator.h */ = {isa = PBXFileReference; fileEncoding = 4; lastKnownFileType = sourcecode.c.h; path = "NSString+Comparator.h"; sourceTree = "<group>"; };
		C497CD16212FE20500D7F7CF /* JWNetworkHelper.m */ = {isa = PBXFileReference; fileEncoding = 4; lastKnownFileType = sourcecode.c.objc; path = JWNetworkHelper.m; sourceTree = "<group>"; };
		C497CD17212FE20500D7F7CF /* NSColor+Components.h */ = {isa = PBXFileReference; fileEncoding = 4; lastKnownFileType = sourcecode.c.h; path = "NSColor+Components.h"; sourceTree = "<group>"; };
		C497CD18212FE20500D7F7CF /* NSImage+Utils.m */ = {isa = PBXFileReference; fileEncoding = 4; lastKnownFileType = sourcecode.c.objc; path = "NSImage+Utils.m"; sourceTree = "<group>"; };
		C497CD19212FE20500D7F7CF /* JWFileManager.m */ = {isa = PBXFileReference; fileEncoding = 4; lastKnownFileType = sourcecode.c.objc; path = JWFileManager.m; sourceTree = "<group>"; };
		C497CD1A212FE20500D7F7CF /* JWLrcParser.h */ = {isa = PBXFileReference; fileEncoding = 4; lastKnownFileType = sourcecode.c.h; path = JWLrcParser.h; sourceTree = "<group>"; };
		C497CD1B212FE20500D7F7CF /* JWMediaHelper.m */ = {isa = PBXFileReference; fileEncoding = 4; lastKnownFileType = sourcecode.c.objc; path = JWMediaHelper.m; sourceTree = "<group>"; };
		C497CD1C212FE20500D7F7CF /* NSColor+Components.m */ = {isa = PBXFileReference; fileEncoding = 4; lastKnownFileType = sourcecode.c.objc; path = "NSColor+Components.m"; sourceTree = "<group>"; };
		C497CD1D212FE20500D7F7CF /* JWNetworkHelper.h */ = {isa = PBXFileReference; fileEncoding = 4; lastKnownFileType = sourcecode.c.h; path = JWNetworkHelper.h; sourceTree = "<group>"; };
		C497CD1E212FE20500D7F7CF /* NSString+Comparator.m */ = {isa = PBXFileReference; fileEncoding = 4; lastKnownFileType = sourcecode.c.objc; path = "NSString+Comparator.m"; sourceTree = "<group>"; };
		C497CD1F212FE20500D7F7CF /* JWLrcParser.m */ = {isa = PBXFileReference; fileEncoding = 4; lastKnownFileType = sourcecode.c.objc; path = JWLrcParser.m; sourceTree = "<group>"; };
		C497CD20212FE20500D7F7CF /* JWFileManager.h */ = {isa = PBXFileReference; fileEncoding = 4; lastKnownFileType = sourcecode.c.h; path = JWFileManager.h; sourceTree = "<group>"; };
		C497CD21212FE20500D7F7CF /* NSImage+Utils.h */ = {isa = PBXFileReference; fileEncoding = 4; lastKnownFileType = sourcecode.c.h; path = "NSImage+Utils.h"; sourceTree = "<group>"; };
		C497CD22212FE20500D7F7CF /* JWMediaHelper.h */ = {isa = PBXFileReference; fileEncoding = 4; lastKnownFileType = sourcecode.c.h; path = JWMediaHelper.h; sourceTree = "<group>"; };
		C497CD24212FE20500D7F7CF /* JWMOutputUnit.m */ = {isa = PBXFileReference; fileEncoding = 4; lastKnownFileType = sourcecode.c.objc; path = JWMOutputUnit.m; sourceTree = "<group>"; };
		C497CD26212FE20500D7F7CF /* JWMCommonProtocols.h */ = {isa = PBXFileReference; fileEncoding = 4; lastKnownFileType = sourcecode.c.h; path = JWMCommonProtocols.h; sourceTree = "<group>"; };
		C497CD27212FE20500D7F7CF /* JWMInputUnit.m */ = {isa = PBXFileReference; fileEncoding = 4; lastKnownFileType = sourcecode.c.objc; path = JWMInputUnit.m; sourceTree = "<group>"; };
		C497CD28212FE20500D7F7CF /* JWMConverter.h */ = {isa = PBXFileReference; fileEncoding = 4; lastKnownFileType = sourcecode.c.h; path = JWMConverter.h; sourceTree = "<group>"; };
		C497CD29212FE20500D7F7CF /* JWMEngine.m */ = {isa = PBXFileReference; fileEncoding = 4; lastKnownFileType = sourcecode.c.objc; path = JWMEngine.m; sourceTree = "<group>"; };
		C497CD2A212FE20500D7F7CF /* JWMPluginManager.m */ = {isa = PBXFileReference; fileEncoding = 4; lastKnownFileType = sourcecode.c.objc; path = JWMPluginManager.m; sourceTree = "<group>"; };
		C497CD2B212FE20500D7F7CF /* JWMAudioUnit.m */ = {isa = PBXFileReference; fileEncoding = 4; lastKnownFileType = sourcecode.c.objc; path = JWMAudioUnit.m; sourceTree = "<group>"; };
		C497CD2D212FE20500D7F7CF /* JWMOutputUnit.h */ = {isa = PBXFileReference; fileEncoding = 4; lastKnownFileType = sourcecode.c.h; path = JWMOutputUnit.h; sourceTree = "<group>"; };
		C497CD2E212FE20500D7F7CF /* JWMInputUnit.h */ = {isa = PBXFileReference; fileEncoding = 4; lastKnownFileType = sourcecode.c.h; path = JWMInputUnit.h; sourceTree = "<group>"; };
		C497CD2F212FE20500D7F7CF /* JWMEngine.h */ = {isa = PBXFileReference; fileEncoding = 4; lastKnownFileType = sourcecode.c.h; path = JWMEngine.h; sourceTree = "<group>"; };
		C497CD30212FE20500D7F7CF /* JWMConverter.m */ = {isa = PBXFileReference; fileEncoding = 4; lastKnownFileType = sourcecode.c.objc; path = JWMConverter.m; sourceTree = "<group>"; };
		C497CD31212FE20500D7F7CF /* JWMPluginManager.h */ = {isa = PBXFileReference; fileEncoding = 4; lastKnownFileType = sourcecode.c.h; path = JWMPluginManager.h; sourceTree = "<group>"; };
		C497CD32212FE20500D7F7CF /* JWMAudioUnit.h */ = {isa = PBXFileReference; fileEncoding = 4; lastKnownFileType = sourcecode.c.h; path = JWMAudioUnit.h; sourceTree = "<group>"; };
		C497CD67212FE21C00D7F7CF /* EasyPlayer-Bridging-Header.h */ = {isa = PBXFileReference; lastKnownFileType = sourcecode.c.h; path = "EasyPlayer-Bridging-Header.h"; sourceTree = "<group>"; };
		C497CD6A212FE2BD00D7F7CF /* FileSource.m */ = {isa = PBXFileReference; fileEncoding = 4; lastKnownFileType = sourcecode.c.objc; path = FileSource.m; sourceTree = "<group>"; };
		C497CD6B212FE2BD00D7F7CF /* HTTPSource.m */ = {isa = PBXFileReference; fileEncoding = 4; lastKnownFileType = sourcecode.c.objc; path = HTTPSource.m; sourceTree = "<group>"; };
		C497CD6C212FE2BD00D7F7CF /* FileSource.h */ = {isa = PBXFileReference; fileEncoding = 4; lastKnownFileType = sourcecode.c.h; path = FileSource.h; sourceTree = "<group>"; };
		C497CD6D212FE2BD00D7F7CF /* HTTPSource.h */ = {isa = PBXFileReference; fileEncoding = 4; lastKnownFileType = sourcecode.c.h; path = HTTPSource.h; sourceTree = "<group>"; };
		C497CD6F212FE2BD00D7F7CF /* CoreAudioDecoder.m */ = {isa = PBXFileReference; fileEncoding = 4; lastKnownFileType = sourcecode.c.objc; path = CoreAudioDecoder.m; sourceTree = "<group>"; };
		C497CD70212FE2BD00D7F7CF /* FlacDecoder.h */ = {isa = PBXFileReference; fileEncoding = 4; lastKnownFileType = sourcecode.c.h; path = FlacDecoder.h; sourceTree = "<group>"; };
		C497CD71212FE2BD00D7F7CF /* CoreAudioDecoder.h */ = {isa = PBXFileReference; fileEncoding = 4; lastKnownFileType = sourcecode.c.h; path = CoreAudioDecoder.h; sourceTree = "<group>"; };
		C497CD72212FE2BD00D7F7CF /* FlacDecoder.m */ = {isa = PBXFileReference; fileEncoding = 4; lastKnownFileType = sourcecode.c.objc; path = FlacDecoder.m; sourceTree = "<group>"; };
		C497CD74212FE2BD00D7F7CF /* CueSheetContainer.h */ = {isa = PBXFileReference; fileEncoding = 4; lastKnownFileType = sourcecode.c.h; path = CueSheetContainer.h; sourceTree = "<group>"; };
		C497CD75212FE2BD00D7F7CF /* CueSheetDecoder.m */ = {isa = PBXFileReference; fileEncoding = 4; lastKnownFileType = sourcecode.c.objc; path = CueSheetDecoder.m; sourceTree = "<group>"; };
		C497CD76212FE2BD00D7F7CF /* CueSheet.m */ = {isa = PBXFileReference; fileEncoding = 4; lastKnownFileType = sourcecode.c.objc; path = CueSheet.m; sourceTree = "<group>"; };
		C497CD77212FE2BD00D7F7CF /* M3uContainer.m */ = {isa = PBXFileReference; fileEncoding = 4; lastKnownFileType = sourcecode.c.objc; path = M3uContainer.m; sourceTree = "<group>"; };
		C497CD78212FE2BD00D7F7CF /* CueSheetTrack.m */ = {isa = PBXFileReference; fileEncoding = 4; lastKnownFileType = sourcecode.c.objc; path = CueSheetTrack.m; sourceTree = "<group>"; };
		C497CD79212FE2BD00D7F7CF /* CueSheetContainer.m */ = {isa = PBXFileReference; fileEncoding = 4; lastKnownFileType = sourcecode.c.objc; path = CueSheetContainer.m; sourceTree = "<group>"; };
		C497CD7A212FE2BD00D7F7CF /* CueSheetDecoder.h */ = {isa = PBXFileReference; fileEncoding = 4; lastKnownFileType = sourcecode.c.h; path = CueSheetDecoder.h; sourceTree = "<group>"; };
		C497CD7B212FE2BD00D7F7CF /* M3uContainer.h */ = {isa = PBXFileReference; fileEncoding = 4; lastKnownFileType = sourcecode.c.h; path = M3uContainer.h; sourceTree = "<group>"; };
		C497CD7C212FE2BD00D7F7CF /* CueSheet.h */ = {isa = PBXFileReference; fileEncoding = 4; lastKnownFileType = sourcecode.c.h; path = CueSheet.h; sourceTree = "<group>"; };
		C497CD7D212FE2BD00D7F7CF /* CueSheetTrack.h */ = {isa = PBXFileReference; fileEncoding = 4; lastKnownFileType = sourcecode.c.h; path = CueSheetTrack.h; sourceTree = "<group>"; };
		C497CD9C212FEF0B00D7F7CF /* JWMQueues.m */ = {isa = PBXFileReference; fileEncoding = 4; lastKnownFileType = sourcecode.c.objc; path = JWMQueues.m; sourceTree = "<group>"; };
		C497CD9D212FEF0B00D7F7CF /* JWMQueues.h */ = {isa = PBXFileReference; fileEncoding = 4; lastKnownFileType = sourcecode.c.h; path = JWMQueues.h; sourceTree = "<group>"; };
/* End PBXFileReference section */

/* Begin PBXFrameworksBuildPhase section */
		849060E51BCCE3F8008B2125 /* Frameworks */ = {
			isa = PBXFrameworksBuildPhase;
			buildActionMask = 2147483647;
			files = (
				C497CD93212FE55400D7F7CF /* libFLAC.framework in Frameworks */,
				C478F28E1E07B0AE00AF0A64 /* AudioUnit.framework in Frameworks */,
				84C36BA91BD5FB0F00654090 /* libiconv.tbd in Frameworks */,
				C43279C81BD116AE005C6BBC /* QuartzCore.framework in Frameworks */,
				C43279C61BD116A8005C6BBC /* Cocoa.framework in Frameworks */,
				C43279C41BD116A0005C6BBC /* AVFoundation.framework in Frameworks */,
				C43279C21BD11636005C6BBC /* AudioToolbox.framework in Frameworks */,
			);
			runOnlyForDeploymentPostprocessing = 0;
		};
		84ED119A1C3A2D7900725CCF /* Frameworks */ = {
			isa = PBXFrameworksBuildPhase;
			buildActionMask = 2147483647;
			files = (
				C497CD97212FEB6100D7F7CF /* libFLACIOS.framework in Frameworks */,
			);
			runOnlyForDeploymentPostprocessing = 0;
		};
/* End PBXFrameworksBuildPhase section */

/* Begin PBXGroup section */
		849060DF1BCCE3F8008B2125 = {
			isa = PBXGroup;
			children = (
				C497CCF8212FE20500D7F7CF /* Shared */,
				849060EA1BCCE3F8008B2125 /* EasyPlayer */,
				84ED119E1C3A2D7900725CCF /* EasyPlayerIOS */,
				849061011BCCE435008B2125 /* Frameworks */,
				849060E91BCCE3F8008B2125 /* Products */,
			);
			sourceTree = "<group>";
		};
		849060E91BCCE3F8008B2125 /* Products */ = {
			isa = PBXGroup;
			children = (
				849060E81BCCE3F8008B2125 /* EasyPlayer.app */,
				84ED119D1C3A2D7900725CCF /* EasyPlayerIOS.app */,
			);
			name = Products;
			sourceTree = "<group>";
		};
		849060EA1BCCE3F8008B2125 /* EasyPlayer */ = {
			isa = PBXGroup;
			children = (
				849060EB1BCCE3F8008B2125 /* AppDelegate.h */,
				849060EC1BCCE3F8008B2125 /* AppDelegate.m */,
				849060F31BCCE3F8008B2125 /* MainMenu.xib */,
				849061041BCCEA85008B2125 /* PlayerViewController.h */,
				849061051BCCEA85008B2125 /* PlayerViewController.m */,
				849061061BCCEA85008B2125 /* PlayerViewController.xib */,
				849060FC1BCCE425008B2125 /* PlaylistViewController.h */,
				849060FD1BCCE425008B2125 /* PlaylistViewController.m */,
				849060FE1BCCE425008B2125 /* PlaylistViewController.xib */,
				8499435C1BCE4BA200823A6B /* MusicInfoViewController.h */,
				8499435D1BCE4BA200823A6B /* MusicInfoViewController.m */,
				8499435E1BCE4BA200823A6B /* MusicInfoViewController.xib */,
				849061131BCE099B008B2125 /* MusicProgressView.h */,
				849061141BCE099B008B2125 /* MusicProgressView.m */,
				849060EE1BCCE3F8008B2125 /* Supporting Files */,
			);
			path = EasyPlayer;
			sourceTree = "<group>";
		};
		849060EE1BCCE3F8008B2125 /* Supporting Files */ = {
			isa = PBXGroup;
			children = (
				849060F11BCCE3F8008B2125 /* Assets.xcassets */,
				849060F61BCCE3F8008B2125 /* Info.plist */,
				849060EF1BCCE3F8008B2125 /* main.m */,
			);
			name = "Supporting Files";
			sourceTree = "<group>";
		};
		849061011BCCE435008B2125 /* Frameworks */ = {
			isa = PBXGroup;
			children = (
				C478F28D1E07B0AE00AF0A64 /* AudioUnit.framework */,
				84C36BA81BD5FB0F00654090 /* libiconv.tbd */,
				84ED12DB1C3A452500725CCF /* libFLACIOS.framework */,
				84AD816D1C34D50C0037E162 /* libFLAC.framework */,
				C43279C71BD116AE005C6BBC /* QuartzCore.framework */,
				C43279C51BD116A8005C6BBC /* Cocoa.framework */,
				C43279C31BD116A0005C6BBC /* AVFoundation.framework */,
				C43279C11BD11636005C6BBC /* AudioToolbox.framework */,
			);
			name = Frameworks;
			path = EasyPlayer;
			sourceTree = "<group>";
		};
		84ED119E1C3A2D7900725CCF /* EasyPlayerIOS */ = {
			isa = PBXGroup;
			children = (
				84ED11A21C3A2D7900725CCF /* AppDelegate.h */,
				84ED11A31C3A2D7900725CCF /* AppDelegate.m */,
				84ED12E81C3A78A200725CCF /* PlayerViewController.h */,
				84ED12E91C3A78A200725CCF /* PlayerViewController.m */,
				84ED11A51C3A2D7900725CCF /* PlayListViewController.h */,
				84ED11A61C3A2D7900725CCF /* PlayListViewController.m */,
				84ED12E41C3A731400725CCF /* PlayListCell.h */,
				84ED12E51C3A731400725CCF /* PlayListCell.m */,
				84ED11AB1C3A2D7900725CCF /* Assets.xcassets */,
				84ED11AD1C3A2D7900725CCF /* LaunchScreen.storyboard */,
				84ED11B01C3A2D7900725CCF /* Info.plist */,
				84ED119F1C3A2D7900725CCF /* Supporting Files */,
			);
			path = EasyPlayerIOS;
			sourceTree = "<group>";
		};
		84ED119F1C3A2D7900725CCF /* Supporting Files */ = {
			isa = PBXGroup;
			children = (
				84ED11A01C3A2D7900725CCF /* main.m */,
			);
			name = "Supporting Files";
			sourceTree = "<group>";
		};
		C497CCF8212FE20500D7F7CF /* Shared */ = {
			isa = PBXGroup;
			children = (
				C497CD67212FE21C00D7F7CF /* EasyPlayer-Bridging-Header.h */,
				C497CD23212FE20500D7F7CF /* Engine */,
				C497CD0C212FE20500D7F7CF /* Models */,
				C497CD68212FE2BD00D7F7CF /* Plugins */,
				C497CD13212FE20500D7F7CF /* Utilities */,
			);
			path = Shared;
			sourceTree = "<group>";
		};
		C497CD0C212FE20500D7F7CF /* Models */ = {
			isa = PBXGroup;
			children = (
				C497CD11212FE20500D7F7CF /* JWModel.h */,
				C497CD0E212FE20500D7F7CF /* JWModel.m */,
				C497CD12212FE20500D7F7CF /* JWTrack.h */,
				C497CD0F212FE20500D7F7CF /* JWTrack.m */,
				C497CD10212FE20500D7F7CF /* JWTagInfo.h */,
				C497CD0D212FE20500D7F7CF /* JWTagInfo.m */,
			);
			path = Models;
			sourceTree = "<group>";
		};
		C497CD13212FE20500D7F7CF /* Utilities */ = {
			isa = PBXGroup;
			children = (
				C497CD14212FE20500D7F7CF /* JWHeader.h */,
				C497CD1D212FE20500D7F7CF /* JWNetworkHelper.h */,
				C497CD16212FE20500D7F7CF /* JWNetworkHelper.m */,
				C497CD15212FE20500D7F7CF /* NSString+Comparator.h */,
				C497CD1E212FE20500D7F7CF /* NSString+Comparator.m */,
				C497CD17212FE20500D7F7CF /* NSColor+Components.h */,
				C497CD1C212FE20500D7F7CF /* NSColor+Components.m */,
				C497CD21212FE20500D7F7CF /* NSImage+Utils.h */,
				C497CD18212FE20500D7F7CF /* NSImage+Utils.m */,
				C497CD20212FE20500D7F7CF /* JWFileManager.h */,
				C497CD19212FE20500D7F7CF /* JWFileManager.m */,
				C497CD1A212FE20500D7F7CF /* JWLrcParser.h */,
				C497CD1F212FE20500D7F7CF /* JWLrcParser.m */,
				C497CD22212FE20500D7F7CF /* JWMediaHelper.h */,
				C497CD1B212FE20500D7F7CF /* JWMediaHelper.m */,
			);
			path = Utilities;
			sourceTree = "<group>";
		};
		C497CD23212FE20500D7F7CF /* Engine */ = {
			isa = PBXGroup;
			children = (
				C497CD26212FE20500D7F7CF /* JWMCommonProtocols.h */,
				C497CD9D212FEF0B00D7F7CF /* JWMQueues.h */,
				C497CD9C212FEF0B00D7F7CF /* JWMQueues.m */,
				C497CD2E212FE20500D7F7CF /* JWMInputUnit.h */,
				C497CD27212FE20500D7F7CF /* JWMInputUnit.m */,
				C497CD2F212FE20500D7F7CF /* JWMEngine.h */,
				C497CD29212FE20500D7F7CF /* JWMEngine.m */,
				C497CD32212FE20500D7F7CF /* JWMAudioUnit.h */,
				C497CD2B212FE20500D7F7CF /* JWMAudioUnit.m */,
				C497CD2D212FE20500D7F7CF /* JWMOutputUnit.h */,
				C497CD24212FE20500D7F7CF /* JWMOutputUnit.m */,
				C497CD28212FE20500D7F7CF /* JWMConverter.h */,
				C497CD30212FE20500D7F7CF /* JWMConverter.m */,
				C497CD31212FE20500D7F7CF /* JWMPluginManager.h */,
				C497CD2A212FE20500D7F7CF /* JWMPluginManager.m */,
			);
			path = Engine;
			sourceTree = "<group>";
		};
		C497CD68212FE2BD00D7F7CF /* Plugins */ = {
			isa = PBXGroup;
			children = (
				C497CD69212FE2BD00D7F7CF /* Source */,
				C497CD6E212FE2BD00D7F7CF /* Decoder */,
				C497CD73212FE2BD00D7F7CF /* Container */,
			);
			path = Plugins;
			sourceTree = "<group>";
		};
		C497CD69212FE2BD00D7F7CF /* Source */ = {
			isa = PBXGroup;
			children = (
				C497CD6C212FE2BD00D7F7CF /* FileSource.h */,
				C497CD6A212FE2BD00D7F7CF /* FileSource.m */,
				C497CD6D212FE2BD00D7F7CF /* HTTPSource.h */,
				C497CD6B212FE2BD00D7F7CF /* HTTPSource.m */,
			);
			path = Source;
			sourceTree = "<group>";
		};
		C497CD6E212FE2BD00D7F7CF /* Decoder */ = {
			isa = PBXGroup;
			children = (
				C497CD71212FE2BD00D7F7CF /* CoreAudioDecoder.h */,
				C497CD6F212FE2BD00D7F7CF /* CoreAudioDecoder.m */,
				C497CD70212FE2BD00D7F7CF /* FlacDecoder.h */,
				C497CD72212FE2BD00D7F7CF /* FlacDecoder.m */,
			);
			path = Decoder;
			sourceTree = "<group>";
		};
		C497CD73212FE2BD00D7F7CF /* Container */ = {
			isa = PBXGroup;
			children = (
				C497CD7C212FE2BD00D7F7CF /* CueSheet.h */,
				C497CD76212FE2BD00D7F7CF /* CueSheet.m */,
				C497CD7B212FE2BD00D7F7CF /* M3uContainer.h */,
				C497CD77212FE2BD00D7F7CF /* M3uContainer.m */,
				C497CD7A212FE2BD00D7F7CF /* CueSheetDecoder.h */,
				C497CD75212FE2BD00D7F7CF /* CueSheetDecoder.m */,
				C497CD74212FE2BD00D7F7CF /* CueSheetContainer.h */,
				C497CD79212FE2BD00D7F7CF /* CueSheetContainer.m */,
				C497CD7D212FE2BD00D7F7CF /* CueSheetTrack.h */,
				C497CD78212FE2BD00D7F7CF /* CueSheetTrack.m */,
			);
			path = Container;
			sourceTree = "<group>";
		};
/* End PBXGroup section */

/* Begin PBXNativeTarget section */
		849060E71BCCE3F8008B2125 /* EasyPlayer */ = {
			isa = PBXNativeTarget;
			buildConfigurationList = 849060F91BCCE3F8008B2125 /* Build configuration list for PBXNativeTarget "EasyPlayer" */;
			buildPhases = (
				849060E41BCCE3F8008B2125 /* Sources */,
				849060E51BCCE3F8008B2125 /* Frameworks */,
				849060E61BCCE3F8008B2125 /* Resources */,
			);
			buildRules = (
			);
			dependencies = (
			);
			name = EasyPlayer;
			productName = EasyPlayer;
			productReference = 849060E81BCCE3F8008B2125 /* EasyPlayer.app */;
			productType = "com.apple.product-type.application";
		};
		84ED119C1C3A2D7900725CCF /* EasyPlayerIOS */ = {
			isa = PBXNativeTarget;
			buildConfigurationList = 84ED11B31C3A2D7900725CCF /* Build configuration list for PBXNativeTarget "EasyPlayerIOS" */;
			buildPhases = (
				84ED119A1C3A2D7900725CCF /* Frameworks */,
				84ED119B1C3A2D7900725CCF /* Resources */,
				84ED11991C3A2D7900725CCF /* Sources */,
			);
			buildRules = (
			);
			dependencies = (
			);
			name = EasyPlayerIOS;
			productName = EasyPlayerIOS;
			productReference = 84ED119D1C3A2D7900725CCF /* EasyPlayerIOS.app */;
			productType = "com.apple.product-type.application";
		};
/* End PBXNativeTarget section */

/* Begin PBXProject section */
		849060E01BCCE3F8008B2125 /* Project object */ = {
			isa = PBXProject;
			attributes = {
				LastUpgradeCheck = 0940;
				ORGANIZATIONNAME = "Jerry Wong";
				TargetAttributes = {
					849060E71BCCE3F8008B2125 = {
						CreatedOnToolsVersion = 7.0.1;
						DevelopmentTeam = F93845W87F;
						LastSwiftMigration = 0940;
					};
					84ED119C1C3A2D7900725CCF = {
						CreatedOnToolsVersion = 7.2;
						DevelopmentTeam = F93845W87F;
						LastSwiftMigration = 0940;
						SystemCapabilities = {
							com.apple.BackgroundModes = {
								enabled = 1;
							};
						};
					};
				};
			};
			buildConfigurationList = 849060E31BCCE3F8008B2125 /* Build configuration list for PBXProject "EasyPlayer" */;
			compatibilityVersion = "Xcode 3.2";
			developmentRegion = English;
			hasScannedForEncodings = 0;
			knownRegions = (
				en,
				Base,
			);
			mainGroup = 849060DF1BCCE3F8008B2125;
			productRefGroup = 849060E91BCCE3F8008B2125 /* Products */;
			projectDirPath = "";
			projectRoot = "";
			targets = (
				849060E71BCCE3F8008B2125 /* EasyPlayer */,
				84ED119C1C3A2D7900725CCF /* EasyPlayerIOS */,
			);
		};
/* End PBXProject section */

/* Begin PBXResourcesBuildPhase section */
		849060E61BCCE3F8008B2125 /* Resources */ = {
			isa = PBXResourcesBuildPhase;
			buildActionMask = 2147483647;
			files = (
				849943601BCE4BA200823A6B /* MusicInfoViewController.xib in Resources */,
				849061001BCCE425008B2125 /* PlaylistViewController.xib in Resources */,
				849061081BCCEA85008B2125 /* PlayerViewController.xib in Resources */,
				849060F21BCCE3F8008B2125 /* Assets.xcassets in Resources */,
				849060F51BCCE3F8008B2125 /* MainMenu.xib in Resources */,
			);
			runOnlyForDeploymentPostprocessing = 0;
		};
		84ED119B1C3A2D7900725CCF /* Resources */ = {
			isa = PBXResourcesBuildPhase;
			buildActionMask = 2147483647;
			files = (
				84ED11AF1C3A2D7900725CCF /* LaunchScreen.storyboard in Resources */,
				84ED11AC1C3A2D7900725CCF /* Assets.xcassets in Resources */,
			);
			runOnlyForDeploymentPostprocessing = 0;
		};
/* End PBXResourcesBuildPhase section */

/* Begin PBXSourcesBuildPhase section */
		849060E41BCCE3F8008B2125 /* Sources */ = {
			isa = PBXSourcesBuildPhase;
			buildActionMask = 2147483647;
			files = (
				C497CD82212FE2BD00D7F7CF /* CoreAudioDecoder.m in Sources */,
				C497CD88212FE2BD00D7F7CF /* CueSheet.m in Sources */,
				C497CD49212FE20500D7F7CF /* JWTrack.m in Sources */,
				C497CD59212FE20500D7F7CF /* JWMOutputUnit.m in Sources */,
				8499435F1BCE4BA200823A6B /* MusicInfoViewController.m in Sources */,
				C497CD53212FE20500D7F7CF /* NSColor+Components.m in Sources */,
				849060F01BCCE3F8008B2125 /* main.m in Sources */,
				C497CD8E212FE2BD00D7F7CF /* CueSheetContainer.m in Sources */,
				C497CD5D212FE20500D7F7CF /* JWMInputUnit.m in Sources */,
				C497CD5F212FE20500D7F7CF /* JWMEngine.m in Sources */,
				849061071BCCEA85008B2125 /* PlayerViewController.m in Sources */,
				C497CD84212FE2BD00D7F7CF /* FlacDecoder.m in Sources */,
				C497CD9E212FEF0B00D7F7CF /* JWMQueues.m in Sources */,
				C497CD4F212FE20500D7F7CF /* JWFileManager.m in Sources */,
				C497CD65212FE20500D7F7CF /* JWMConverter.m in Sources */,
				C497CD4B212FE20500D7F7CF /* JWNetworkHelper.m in Sources */,
				C497CD63212FE20500D7F7CF /* JWMAudioUnit.m in Sources */,
				849060ED1BCCE3F8008B2125 /* AppDelegate.m in Sources */,
				C497CD51212FE20500D7F7CF /* JWMediaHelper.m in Sources */,
				849061151BCE099B008B2125 /* MusicProgressView.m in Sources */,
				C497CD47212FE20500D7F7CF /* JWModel.m in Sources */,
				C497CD7E212FE2BD00D7F7CF /* FileSource.m in Sources */,
				C497CD61212FE20500D7F7CF /* JWMPluginManager.m in Sources */,
				C497CD55212FE20500D7F7CF /* NSString+Comparator.m in Sources */,
				C497CD8A212FE2BD00D7F7CF /* M3uContainer.m in Sources */,
				C497CD57212FE20500D7F7CF /* JWLrcParser.m in Sources */,
				849060FF1BCCE425008B2125 /* PlaylistViewController.m in Sources */,
				C497CD86212FE2BD00D7F7CF /* CueSheetDecoder.m in Sources */,
				C497CD4D212FE20500D7F7CF /* NSImage+Utils.m in Sources */,
				C497CD8C212FE2BD00D7F7CF /* CueSheetTrack.m in Sources */,
				C497CD80212FE2BD00D7F7CF /* HTTPSource.m in Sources */,
				C497CD45212FE20500D7F7CF /* JWTagInfo.m in Sources */,
			);
			runOnlyForDeploymentPostprocessing = 0;
		};
		84ED11991C3A2D7900725CCF /* Sources */ = {
			isa = PBXSourcesBuildPhase;
			buildActionMask = 2147483647;
			files = (
				C497CD5E212FE20500D7F7CF /* JWMInputUnit.m in Sources */,
				C497CD60212FE20500D7F7CF /* JWMEngine.m in Sources */,
				84ED12E71C3A731400725CCF /* PlayListCell.m in Sources */,
				C497CD8D212FE2BD00D7F7CF /* CueSheetTrack.m in Sources */,
				84ED12EB1C3A78A200725CCF /* PlayerViewController.m in Sources */,
				C497CD48212FE20500D7F7CF /* JWModel.m in Sources */,
				C497CD8F212FE2BD00D7F7CF /* CueSheetContainer.m in Sources */,
				C497CD64212FE20500D7F7CF /* JWMAudioUnit.m in Sources */,
				C497CD85212FE2BD00D7F7CF /* FlacDecoder.m in Sources */,
				C497CD58212FE20500D7F7CF /* JWLrcParser.m in Sources */,
				84ED11A71C3A2D7900725CCF /* PlayListViewController.m in Sources */,
				C497CD9F212FEF0B00D7F7CF /* JWMQueues.m in Sources */,
				C497CD81212FE2BD00D7F7CF /* HTTPSource.m in Sources */,
				C497CD83212FE2BD00D7F7CF /* CoreAudioDecoder.m in Sources */,
				C497CD46212FE20500D7F7CF /* JWTagInfo.m in Sources */,
				C497CD50212FE20500D7F7CF /* JWFileManager.m in Sources */,
				C497CD4E212FE20500D7F7CF /* NSImage+Utils.m in Sources */,
				84ED11A41C3A2D7900725CCF /* AppDelegate.m in Sources */,
				C497CD4C212FE20500D7F7CF /* JWNetworkHelper.m in Sources */,
				C497CD4A212FE20500D7F7CF /* JWTrack.m in Sources */,
				C497CD56212FE20500D7F7CF /* NSString+Comparator.m in Sources */,
				C497CD54212FE20500D7F7CF /* NSColor+Components.m in Sources */,
				C497CD52212FE20500D7F7CF /* JWMediaHelper.m in Sources */,
				C497CD8B212FE2BD00D7F7CF /* M3uContainer.m in Sources */,
				84ED11A11C3A2D7900725CCF /* main.m in Sources */,
				C497CD87212FE2BD00D7F7CF /* CueSheetDecoder.m in Sources */,
				C497CD62212FE20500D7F7CF /* JWMPluginManager.m in Sources */,
				C497CD7F212FE2BD00D7F7CF /* FileSource.m in Sources */,
				C497CD5A212FE20500D7F7CF /* JWMOutputUnit.m in Sources */,
				C497CD66212FE20500D7F7CF /* JWMConverter.m in Sources */,
				C497CD89212FE2BD00D7F7CF /* CueSheet.m in Sources */,
			);
			runOnlyForDeploymentPostprocessing = 0;
		};
/* End PBXSourcesBuildPhase section */

/* Begin PBXVariantGroup section */
		849060F31BCCE3F8008B2125 /* MainMenu.xib */ = {
			isa = PBXVariantGroup;
			children = (
				849060F41BCCE3F8008B2125 /* Base */,
			);
			name = MainMenu.xib;
			sourceTree = "<group>";
		};
		84ED11AD1C3A2D7900725CCF /* LaunchScreen.storyboard */ = {
			isa = PBXVariantGroup;
			children = (
				84ED11AE1C3A2D7900725CCF /* Base */,
			);
			name = LaunchScreen.storyboard;
			sourceTree = "<group>";
		};
/* End PBXVariantGroup section */

/* Begin XCBuildConfiguration section */
		849060F71BCCE3F8008B2125 /* Debug */ = {
			isa = XCBuildConfiguration;
			buildSettings = {
				ALWAYS_SEARCH_USER_PATHS = NO;
				CLANG_CXX_LANGUAGE_STANDARD = "gnu++0x";
				CLANG_CXX_LIBRARY = "libc++";
				CLANG_ENABLE_MODULES = YES;
				CLANG_ENABLE_OBJC_ARC = YES;
				CLANG_WARN_BLOCK_CAPTURE_AUTORELEASING = YES;
				CLANG_WARN_BOOL_CONVERSION = YES;
				CLANG_WARN_COMMA = YES;
				CLANG_WARN_CONSTANT_CONVERSION = YES;
				CLANG_WARN_DEPRECATED_OBJC_IMPLEMENTATIONS = YES;
				CLANG_WARN_DIRECT_OBJC_ISA_USAGE = YES_ERROR;
				CLANG_WARN_EMPTY_BODY = YES;
				CLANG_WARN_ENUM_CONVERSION = YES;
				CLANG_WARN_INFINITE_RECURSION = YES;
				CLANG_WARN_INT_CONVERSION = YES;
				CLANG_WARN_NON_LITERAL_NULL_CONVERSION = YES;
				CLANG_WARN_OBJC_IMPLICIT_RETAIN_SELF = YES;
				CLANG_WARN_OBJC_LITERAL_CONVERSION = YES;
				CLANG_WARN_OBJC_ROOT_CLASS = YES_ERROR;
				CLANG_WARN_RANGE_LOOP_ANALYSIS = YES;
				CLANG_WARN_STRICT_PROTOTYPES = YES;
				CLANG_WARN_SUSPICIOUS_MOVE = YES;
				CLANG_WARN_UNREACHABLE_CODE = YES;
				CLANG_WARN__DUPLICATE_METHOD_MATCH = YES;
				CODE_SIGN_IDENTITY = "-";
				COPY_PHASE_STRIP = NO;
				DEBUG_INFORMATION_FORMAT = dwarf;
				DEFINES_MODULE = YES;
				ENABLE_STRICT_OBJC_MSGSEND = YES;
				ENABLE_TESTABILITY = YES;
				GCC_C_LANGUAGE_STANDARD = gnu99;
				GCC_DYNAMIC_NO_PIC = NO;
				GCC_NO_COMMON_BLOCKS = YES;
				GCC_OPTIMIZATION_LEVEL = 0;
				GCC_PREPROCESSOR_DEFINITIONS = (
					"DEBUG=1",
					"$(inherited)",
				);
				GCC_WARN_64_TO_32_BIT_CONVERSION = YES;
				GCC_WARN_ABOUT_RETURN_TYPE = YES_ERROR;
				GCC_WARN_UNDECLARED_SELECTOR = YES;
				GCC_WARN_UNINITIALIZED_AUTOS = YES_AGGRESSIVE;
				GCC_WARN_UNUSED_FUNCTION = YES;
				GCC_WARN_UNUSED_VARIABLE = YES;
				MACOSX_DEPLOYMENT_TARGET = 10.10;
				MTL_ENABLE_DEBUG_INFO = YES;
				ONLY_ACTIVE_ARCH = YES;
				SDKROOT = macosx;
			};
			name = Debug;
		};
		849060F81BCCE3F8008B2125 /* Release */ = {
			isa = XCBuildConfiguration;
			buildSettings = {
				ALWAYS_SEARCH_USER_PATHS = NO;
				CLANG_CXX_LANGUAGE_STANDARD = "gnu++0x";
				CLANG_CXX_LIBRARY = "libc++";
				CLANG_ENABLE_MODULES = YES;
				CLANG_ENABLE_OBJC_ARC = YES;
				CLANG_WARN_BLOCK_CAPTURE_AUTORELEASING = YES;
				CLANG_WARN_BOOL_CONVERSION = YES;
				CLANG_WARN_COMMA = YES;
				CLANG_WARN_CONSTANT_CONVERSION = YES;
				CLANG_WARN_DEPRECATED_OBJC_IMPLEMENTATIONS = YES;
				CLANG_WARN_DIRECT_OBJC_ISA_USAGE = YES_ERROR;
				CLANG_WARN_EMPTY_BODY = YES;
				CLANG_WARN_ENUM_CONVERSION = YES;
				CLANG_WARN_INFINITE_RECURSION = YES;
				CLANG_WARN_INT_CONVERSION = YES;
				CLANG_WARN_NON_LITERAL_NULL_CONVERSION = YES;
				CLANG_WARN_OBJC_IMPLICIT_RETAIN_SELF = YES;
				CLANG_WARN_OBJC_LITERAL_CONVERSION = YES;
				CLANG_WARN_OBJC_ROOT_CLASS = YES_ERROR;
				CLANG_WARN_RANGE_LOOP_ANALYSIS = YES;
				CLANG_WARN_STRICT_PROTOTYPES = YES;
				CLANG_WARN_SUSPICIOUS_MOVE = YES;
				CLANG_WARN_UNREACHABLE_CODE = YES;
				CLANG_WARN__DUPLICATE_METHOD_MATCH = YES;
				CODE_SIGN_IDENTITY = "-";
				COPY_PHASE_STRIP = NO;
				DEBUG_INFORMATION_FORMAT = "dwarf-with-dsym";
				DEFINES_MODULE = YES;
				ENABLE_NS_ASSERTIONS = NO;
				ENABLE_STRICT_OBJC_MSGSEND = YES;
				GCC_C_LANGUAGE_STANDARD = gnu99;
				GCC_NO_COMMON_BLOCKS = YES;
				GCC_WARN_64_TO_32_BIT_CONVERSION = YES;
				GCC_WARN_ABOUT_RETURN_TYPE = YES_ERROR;
				GCC_WARN_UNDECLARED_SELECTOR = YES;
				GCC_WARN_UNINITIALIZED_AUTOS = YES_AGGRESSIVE;
				GCC_WARN_UNUSED_FUNCTION = YES;
				GCC_WARN_UNUSED_VARIABLE = YES;
				MACOSX_DEPLOYMENT_TARGET = 10.10;
				MTL_ENABLE_DEBUG_INFO = NO;
				SDKROOT = macosx;
			};
			name = Release;
		};
		849060FA1BCCE3F8008B2125 /* Debug */ = {
			isa = XCBuildConfiguration;
			buildSettings = {
				ASSETCATALOG_COMPILER_APPICON_NAME = AppIcon;
				CLANG_ENABLE_MODULES = YES;
				CODE_SIGN_IDENTITY = "Mac Developer";
				COMBINE_HIDPI_IMAGES = YES;
				FRAMEWORK_SEARCH_PATHS = (
					"$(inherited)",
					"$(LOCAL_LIBRARY_DIR)/Frameworks",
					"$(PROJECT_DIR)/EasyPlayer/lib",
				);
				INFOPLIST_FILE = EasyPlayer/Info.plist;
				LD_RUNPATH_SEARCH_PATHS = "$(inherited) @executable_path/../Frameworks";
				LIBRARY_SEARCH_PATHS = "$(inherited)";
				MACOSX_DEPLOYMENT_TARGET = 10.10;
				PRODUCT_BUNDLE_IDENTIFIER = com.jerry.EasyPlayer;
				PRODUCT_NAME = "$(TARGET_NAME)";
				SWIFT_OBJC_BRIDGING_HEADER = "Shared/EasyPlayer-Bridging-Header.h";
				SWIFT_OPTIMIZATION_LEVEL = "-Onone";
				SWIFT_VERSION = 3.0;
			};
			name = Debug;
		};
		849060FB1BCCE3F8008B2125 /* Release */ = {
			isa = XCBuildConfiguration;
			buildSettings = {
				ASSETCATALOG_COMPILER_APPICON_NAME = AppIcon;
				CLANG_ENABLE_MODULES = YES;
				CODE_SIGN_IDENTITY = "Mac Developer";
				COMBINE_HIDPI_IMAGES = YES;
				FRAMEWORK_SEARCH_PATHS = (
					"$(inherited)",
					"$(LOCAL_LIBRARY_DIR)/Frameworks",
					"$(PROJECT_DIR)/EasyPlayer/lib",
				);
				INFOPLIST_FILE = EasyPlayer/Info.plist;
				LD_RUNPATH_SEARCH_PATHS = "$(inherited) @executable_path/../Frameworks";
				LIBRARY_SEARCH_PATHS = "$(inherited)";
				MACOSX_DEPLOYMENT_TARGET = 10.10;
				PRODUCT_BUNDLE_IDENTIFIER = com.jerry.EasyPlayer;
				PRODUCT_NAME = "$(TARGET_NAME)";
				SWIFT_OBJC_BRIDGING_HEADER = "Shared/EasyPlayer-Bridging-Header.h";
				SWIFT_VERSION = 3.0;
			};
			name = Release;
		};
		84ED11B11C3A2D7900725CCF /* Debug */ = {
			isa = XCBuildConfiguration;
			buildSettings = {
				ASSETCATALOG_COMPILER_APPICON_NAME = AppIcon;
				CLANG_ENABLE_MODULES = YES;
				CODE_SIGN_IDENTITY = "iPhone Developer";
				"CODE_SIGN_IDENTITY[sdk=iphoneos*]" = "iPhone Developer";
				DEVELOPMENT_TEAM = F93845W87F;
				FRAMEWORK_SEARCH_PATHS = (
					"$(inherited)",
					"$(PROJECT_DIR)/EasyPlayerIOS/lib",
				);
				HEADER_SEARCH_PATHS = "";
				INFOPLIST_FILE = EasyPlayerIOS/Info.plist;
				IPHONEOS_DEPLOYMENT_TARGET = 8.0;
				LD_RUNPATH_SEARCH_PATHS = "$(inherited) @executable_path/Frameworks";
				PRODUCT_BUNDLE_IDENTIFIER = com.jerry.EasyPlayerIOS;
				PRODUCT_NAME = "$(TARGET_NAME)";
				SDKROOT = iphoneos;
				SWIFT_OBJC_BRIDGING_HEADER = "Shared/EasyPlayer-Bridging-Header.h";
				SWIFT_OPTIMIZATION_LEVEL = "-Onone";
				SWIFT_VERSION = 3.0;
				TARGETED_DEVICE_FAMILY = 1;
			};
			name = Debug;
		};
		84ED11B21C3A2D7900725CCF /* Release */ = {
			isa = XCBuildConfiguration;
			buildSettings = {
				ASSETCATALOG_COMPILER_APPICON_NAME = AppIcon;
				CLANG_ENABLE_MODULES = YES;
				CODE_SIGN_IDENTITY = "iPhone Developer";
				"CODE_SIGN_IDENTITY[sdk=iphoneos*]" = "iPhone Developer";
				DEVELOPMENT_TEAM = F93845W87F;
				FRAMEWORK_SEARCH_PATHS = (
					"$(inherited)",
					"$(PROJECT_DIR)/EasyPlayerIOS/lib",
				);
				HEADER_SEARCH_PATHS = "";
				INFOPLIST_FILE = EasyPlayerIOS/Info.plist;
				IPHONEOS_DEPLOYMENT_TARGET = 8.0;
				LD_RUNPATH_SEARCH_PATHS = "$(inherited) @executable_path/Frameworks";
				PRODUCT_BUNDLE_IDENTIFIER = com.jerry.EasyPlayerIOS;
				PRODUCT_NAME = "$(TARGET_NAME)";
				SDKROOT = iphoneos;
				SWIFT_OBJC_BRIDGING_HEADER = "Shared/EasyPlayer-Bridging-Header.h";
				SWIFT_VERSION = 3.0;
				TARGETED_DEVICE_FAMILY = 1;
				VALIDATE_PRODUCT = YES;
			};
			name = Release;
		};
/* End XCBuildConfiguration section */

/* Begin XCConfigurationList section */
		849060E31BCCE3F8008B2125 /* Build configuration list for PBXProject "EasyPlayer" */ = {
			isa = XCConfigurationList;
			buildConfigurations = (
				849060F71BCCE3F8008B2125 /* Debug */,
				849060F81BCCE3F8008B2125 /* Release */,
			);
			defaultConfigurationIsVisible = 0;
			defaultConfigurationName = Release;
		};
		849060F91BCCE3F8008B2125 /* Build configuration list for PBXNativeTarget "EasyPlayer" */ = {
			isa = XCConfigurationList;
			buildConfigurations = (
				849060FA1BCCE3F8008B2125 /* Debug */,
				849060FB1BCCE3F8008B2125 /* Release */,
			);
			defaultConfigurationIsVisible = 0;
			defaultConfigurationName = Release;
		};
		84ED11B31C3A2D7900725CCF /* Build configuration list for PBXNativeTarget "EasyPlayerIOS" */ = {
			isa = XCConfigurationList;
			buildConfigurations = (
				84ED11B11C3A2D7900725CCF /* Debug */,
				84ED11B21C3A2D7900725CCF /* Release */,
			);
			defaultConfigurationIsVisible = 0;
			defaultConfigurationName = Release;
		};
/* End XCConfigurationList section */
	};
	rootObject = 849060E01BCCE3F8008B2125 /* Project object */;
}
